<?xml version='1.0' encoding='utf-8'?>
<Project ToolsVersion="4.0" xmlns="http://schemas.microsoft.com/developer/msbuild/2003"><ItemGroup><Filter Include="assets"><UniqueIdentifier>154366c9-376c-4d43-8dd1-a4afa0859a27</UniqueIdentifier><Extensions>rc;ico;cur;bmp;dlg;rc2;rct;bin;rgs;gif;jpg;jpeg;jpe;resx;tiff;tif;png;wav;mfcribbon-ms</Extensions></Filter><Filter Include="src"><UniqueIdentifier>a9146833-fbce-4c94-8a5d-97130937afb0</UniqueIdentifier><Extensions>cpp;c;cc;cxx;def;odl;idl;hpj;bat;asm;asmx</Extensions></Filter><Filter Include="include"><UniqueIdentifier>4df7837f-5577-4527-8baf-8da081820926</UniqueIdentifier><Extensions>h;hpp;hxx;hm;inl;inc;xsd</Extensions></Filter><Filter Include="include"><UniqueIdentifier>0cc63a53-6f6c-4612-8945-478e665f0790</UniqueIdentifier></Filter><Filter Include="include\libcc"><UniqueIdentifier>ee15464d-3db7-4a73-b834-7f159f6f769f</UniqueIdentifier></Filter><Filter Include="include\libcc\crypto"><UniqueIdentifier>9c93eb6a-4a2a-4c9b-8aa6-bc1672927950</UniqueIdentifier></Filter><Filter Include="include\libcc\os"><UniqueIdentifier>b19b8e1d-e0e5-4410-9626-c6b1fe806108</UniqueIdentifier></Filter><Filter Include="include\libcc\os\windows"><UniqueIdentifier>c0d016af-b576-40f1-b317-1588201248f9</UniqueIdentifier></Filter><Filter Include="include\libcc\thread"><UniqueIdentifier>ebf5aaeb-92c5-4c11-b24f-d36d96196a19</UniqueIdentifier></Filter><Filter Include="include\libcc\thread\windows"><UniqueIdentifier>d6d18dbf-99ce-4215-be8d-2bc7b70044c0</UniqueIdentifier></Filter><Filter Include="src"><UniqueIdentifier>8a999384-234c-47ac-84e5-433e00c9d7b1</UniqueIdentifier></Filter><Filter Include="src\atomic"><UniqueIdentifier>79abbee5-ffec-4fd9-b0f6-3e85c457cfe1</UniqueIdentifier></Filter><Filter Include="src\crypto"><UniqueIdentifier>950ef1c8-ca1f-4942-a8e3-95e4ed97d675</UniqueIdentifier></Filter><Filter Include="src\db"><UniqueIdentifier>e42dbd69-bdc0-453a-9fa8-f781611745c1</UniqueIdentifier></Filter><Filter Include="src\event"><UniqueIdentifier>c4edfbd0-df97-4b32-b590-4733fb5a0d00</UniqueIdentifier></Filter><Filter Include="src\http"><UniqueIdentifier>9d3cfd96-19e6-44d0-ba37-291c8179bf47</UniqueIdentifier></Filter><Filter Include="src\ini"><UniqueIdentifier>4cd9070f-9a4b-415b-af9e-a4ee6cde3dfa</UniqueIdentifier></Filter><Filter Include="src\json"><UniqueIdentifier>62a34196-e6b3-4c72-9efb-f9eec479b96f</UniqueIdentifier></Filter><Filter Include="src\malloc"><UniqueIdentifier>c9bb42fd-a2a0-4a5d-bcdf-9e838392c6e7</UniqueIdentifier></Filter><Filter Include="src\misc"><UniqueIdentifier>8567e147-dbb5-446d-9fc2-37b9d5bb5791</UniqueIdentifier></Filter><Filter Include="src\os"><UniqueIdentifier>6d348ce8-faa0-4792-bbe6-233417f2d930</UniqueIdentifier></Filter><Filter Include="src\os\windows"><UniqueIdentifier>ed4d8c17-f242-4815-bbd3-a2665a925592</UniqueIdentifier></Filter><Filter Include="src\thread"><UniqueIdentifier>1bb3ac32-1156-4e4b-9695-c393343622af</UniqueIdentifier></Filter><Filter Include="src\thread\windows"><UniqueIdentifier>4c7227a7-8500-4ae0-ba65-d2edf009a2ce</UniqueIdentifier></Filter><Filter Include="src\url_request"><UniqueIdentifier>004c8c7d-788f-466a-8532-7f9c251c1d07</UniqueIdentifier></Filter><Filter Include="src\url_request\http"><UniqueIdentifier>18ae81f9-dcd0-4f34-b9c3-402c740abbd9</UniqueIdentifier></Filter><Filter Include="src\xml"><UniqueIdentifier>80807c3d-cf78-4618-a699-abd561c08f64</UniqueIdentifier></Filter></ItemGroup><ItemGroup><ClCompile Include="..\src\array.c"><Filter>src</Filter></ClCompile><ClCompile Include="..\src\queue.c"><Filter>src</Filter></ClCompile><ClCompile Include="..\src\buf.c"><Filter>src</Filter></ClCompile><ClCompile Include="..\src\sds.c"><Filter>src</Filter></ClCompile><ClCompile Include="..\src\string.c"><Filter>src</Filter></ClCompile><ClCompile Include="..\src\url.c"><Filter>src</Filter></ClCompile><ClCompile Include="..\src\UTF.c"><Filter>src</Filter></ClCompile><ClCompile Include="..\src\uuid.c"><Filter>src</Filter></ClCompile><ClCompile Include="..\src\crc.c"><Filter>src</Filter></ClCompile><ClCompile Include="..\src\list.c"><Filter>src</Filter></ClCompile><ClCompile Include="..\src\hmap.c"><Filter>src</Filter></ClCompile><ClCompile Include="..\src\logger.c"><Filter>src</Filter></ClCompile><ClCompile Include="..\src\syslog.c"><Filter>src</Filter></ClCompile><ClCompile Include="..\src\rand.c"><Filter>src</Filter></ClCompile><ClCompile Include="..\src\rbtree.c"><Filter>src</Filter></ClCompile><ClCompile Include="..\src\ring.c"><Filter>src</Filter></ClCompile><ClCompile Include="..\src\file.c"><Filter>src</Filter></ClCompile><ClCompile Include="..\src\cpu.c"><Filter>src</Filter></ClCompile><ClCompile Include="..\src\atomic\atomic.c"><Filter>src\atomic</Filter></ClCompile><ClCompile Include="..\src\atomic\rwlock.c"><Filter>src\atomic</Filter></ClCompile><ClCompile Include="..\src\os\os.c"><Filter>src\os</Filter></ClCompile><ClCompile Include="..\src\os\windows\sys_mmap.c"><Filter>src\os\windows</Filter></ClCompile><ClCompile Include="..\src\os\windows\sys_pipe.c"><Filter>src\os\windows</Filter></ClCompile><ClCompile Include="..\src\os\windows\sys_windows.c"><Filter>src\os\windows</Filter></ClCompile><ClCompile Include="..\src\os\windows\sys_clipboard.c"><Filter>src\os\windows</Filter></ClCompile><ClCompile Include="..\src\os\windows\sys_dirent.c"><Filter>src\os\windows</Filter></ClCompile><ClCompile Include="..\src\os\windows\sys_file.c"><Filter>src\os\windows</Filter></ClCompile><ClCompile Include="..\src\os\windows\sys_locale.c"><Filter>src\os\windows</Filter></ClCompile><ClCompile Include="..\src\os\windows\sys_time.c"><Filter>src\os\windows</Filter></ClCompile><ClCompile Include="..\src\os\windows\sys_iocp.c"><Filter>src\os\windows</Filter></ClCompile><ClCompile Include="..\src\os\windows\sys_io_context.c"><Filter>src\os\windows</Filter></ClCompile><ClCompile Include="..\src\os\windows\sys_WSA.c"><Filter>src\os\windows</Filter></ClCompile><ClCompile Include="..\src\os\windows\sys_loadso.c"><Filter>src\os\windows</Filter></ClCompile><ClCompile Include="..\src\os\windows\sys_socket.c"><Filter>src\os\windows</Filter></ClCompile><ClCompile Include="..\src\os\windows\sys_power.c"><Filter>src\os\windows</Filter></ClCompile><ClCompile Include="..\src\crypto\des.c"><Filter>src\crypto</Filter></ClCompile><ClCompile Include="..\src\crypto\aes.c"><Filter>src\crypto</Filter></ClCompile><ClCompile Include="..\src\crypto\base16.c"><Filter>src\crypto</Filter></ClCompile><ClCompile Include="..\src\crypto\base58.c"><Filter>src\crypto</Filter></ClCompile><ClCompile Include="..\src\crypto\base64.c"><Filter>src\crypto</Filter></ClCompile><ClCompile Include="..\src\crypto\hmac.c"><Filter>src\crypto</Filter></ClCompile><ClCompile Include="..\src\crypto\md2.c"><Filter>src\crypto</Filter></ClCompile><ClCompile Include="..\src\crypto\md4.c"><Filter>src\crypto</Filter></ClCompile><ClCompile Include="..\src\crypto\md5.c"><Filter>src\crypto</Filter></ClCompile><ClCompile Include="..\src\crypto\sha1.c"><Filter>src\crypto</Filter></ClCompile><ClCompile Include="..\src\crypto\sha256.c"><Filter>src\crypto</Filter></ClCompile><ClCompile Include="..\src\crypto\sha512.c"><Filter>src\crypto</Filter></ClCompile><ClCompile Include="..\src\crypto\xxtea.c"><Filter>src\crypto</Filter></ClCompile><ClCompile Include="..\src\thread\thread.c"><Filter>src\thread</Filter></ClCompile><ClCompile Include="..\src\thread\windows\sys_cond.c"><Filter>src\thread\windows</Filter></ClCompile><ClCompile Include="..\src\thread\windows\sys_mutex.c"><Filter>src\thread\windows</Filter></ClCompile><ClCompile Include="..\src\thread\windows\sys_sem.c"><Filter>src\thread\windows</Filter></ClCompile><ClCompile Include="..\src\thread\windows\sys_thread.c"><Filter>src\thread\windows</Filter></ClCompile><ClCompile Include="..\src\misc\inet.c"><Filter>src\misc</Filter></ClCompile><ClCompile Include="..\src\misc\socket.c"><Filter>src\misc</Filter></ClCompile><ClCompile Include="..\src\misc\power.c"><Filter>src\misc</Filter></ClCompile><ClCompile Include="..\src\misc\strptime.c"><Filter>src\misc</Filter></ClCompile><ClCompile Include="..\src\misc\tick.c"><Filter>src\misc</Filter></ClCompile><ClCompile Include="..\src\misc\time.c"><Filter>src\misc</Filter></ClCompile><ClCompile Include="..\src\misc\misc.c"><Filter>src\misc</Filter></ClCompile><ClCompile Include="..\src\misc\gzip.c"><Filter>src\misc</Filter></ClCompile><ClCompile Include="..\src\misc\WS.c"><Filter>src\misc</Filter></ClCompile><ClCompile Include="..\src\malloc\alloc.c"><Filter>src\malloc</Filter></ClCompile><ClCompile Include="..\src\db\mysql.c"><Filter>src\db</Filter></ClCompile><ClCompile Include="..\src\db\sqlite.c"><Filter>src\db</Filter></ClCompile><ClCompile Include="..\src\db\sqlsvr.c"><Filter>src\db</Filter></ClCompile><ClCompile Include="..\src\ini\ini.c"><Filter>src\ini</Filter></ClCompile><ClCompile Include="..\src\ini\ini.parser.c"><Filter>src\ini</Filter></ClCompile><ClCompile Include="..\src\xml\xml.c"><Filter>src\xml</Filter></ClCompile><ClCompile Include="..\src\xml\xml.parser.c"><Filter>src\xml</Filter></ClCompile><ClCompile Include="..\src\json\json.array.c"><Filter>src\json</Filter></ClCompile><ClCompile Include="..\src\json\json.c"><Filter>src\json</Filter></ClCompile><ClCompile Include="..\src\json\json.object.c"><Filter>src\json</Filter></ClCompile><ClCompile Include="..\src\json\json.parser.c"><Filter>src\json</Filter></ClCompile><ClCompile Include="..\src\http\header.c"><Filter>src\http</Filter></ClCompile><ClCompile Include="..\src\http\request.parser.c"><Filter>src\http</Filter></ClCompile><ClCompile Include="..\src\http\response.parser.c"><Filter>src\http</Filter></ClCompile><ClCompile Include="..\src\url_request\http\url_request.c"><Filter>src\url_request\http</Filter></ClCompile><ClCompile Include="..\src\url_request\http\url_response.c"><Filter>src\url_request\http</Filter></ClCompile><ClCompile Include="..\src\event\event.c"><Filter>src\event</Filter></ClCompile><ClCompile Include="..\src\event\loop.c"><Filter>src\event</Filter></ClCompile><ClCompile Include="..\src\event\buffer.c"><Filter>src\event</Filter></ClCompile><ClCompile Include="..\src\event\select.c"><Filter>src\event</Filter></ClCompile><ClCompile Include="..\src\event\tcp.c"><Filter>src\event</Filter></ClCompile><ClCompile Include="..\src\event\timeout.c"><Filter>src\event</Filter></ClCompile><ClCompile Include="..\src\event\OpenSSL.c"><Filter>src\event</Filter></ClCompile><ClCompile Include="..\src\main.c"><Filter>src</Filter></ClCompile></ItemGroup><ItemGroup><ClInclude Include="..\include\libcc.h"><Filter>include</Filter></ClInclude><ClInclude Include="..\include\libcc\alloc.h"><Filter>include\libcc</Filter></ClInclude><ClInclude Include="..\include\libcc\array.h"><Filter>include\libcc</Filter></ClInclude><ClInclude Include="..\include\libcc\atomic.h"><Filter>include\libcc</Filter></ClInclude><ClInclude Include="..\include\libcc\buf.h"><Filter>include\libcc</Filter></ClInclude><ClInclude Include="..\include\libcc\os.h"><Filter>include\libcc</Filter></ClInclude><ClInclude Include="..\include\libcc\dirent.h"><Filter>include\libcc</Filter></ClInclude><ClInclude Include="..\include\libcc\list.h"><Filter>include\libcc</Filter></ClInclude><ClInclude Include="..\include\libcc\endian.h"><Filter>include\libcc</Filter></ClInclude><ClInclude Include="..\include\libcc\crc.h"><Filter>include\libcc</Filter></ClInclude><ClInclude Include="..\include\libcc\loadso.h"><Filter>include\libcc</Filter></ClInclude><ClInclude Include="..\include\libcc\logger.h"><Filter>include\libcc</Filter></ClInclude><ClInclude Include="..\include\libcc\syslog.h"><Filter>include\libcc</Filter></ClInclude><ClInclude Include="..\include\libcc\math.h"><Filter>include\libcc</Filter></ClInclude><ClInclude Include="..\include\libcc\mutex.h"><Filter>include\libcc</Filter></ClInclude><ClInclude Include="..\include\libcc\power.h"><Filter>include\libcc</Filter></ClInclude><ClInclude Include="..\include\libcc\rand.h"><Filter>include\libcc</Filter></ClInclude><ClInclude Include="..\include\libcc\rbtree.h"><Filter>include\libcc</Filter></ClInclude><ClInclude Include="..\include\libcc\ring.h"><Filter>include\libcc</Filter></ClInclude><ClInclude Include="..\include\libcc\queue.h"><Filter>include\libcc</Filter></ClInclude><ClInclude Include="..\include\libcc\sds.h"><Filter>include\libcc</Filter></ClInclude><ClInclude Include="..\include\libcc\string.h"><Filter>include\libcc</Filter></ClInclude><ClInclude Include="..\include\libcc\hmap.h"><Filter>include\libcc</Filter></ClInclude><ClInclude Include="..\include\libcc\tchar.h"><Filter>include\libcc</Filter></ClInclude><ClInclude Include="..\include\libcc\thread.h"><Filter>include\libcc</Filter></ClInclude><ClInclude Include="..\include\libcc\socket.h"><Filter>include\libcc</Filter></ClInclude><ClInclude Include="..\include\libcc\os\windows.h"><Filter>include\libcc\os</Filter></ClInclude><ClInclude Include="..\include\libcc\os\compiler.h"><Filter>include\libcc\os</Filter></ClInclude><ClInclude Include="..\include\libcc\os\os.h"><Filter>include\libcc\os</Filter></ClInclude><ClInclude Include="..\include\libcc\os\windows\sys_socket.h"><Filter>include\libcc\os\windows</Filter></ClInclude><ClInclude Include="..\include\libcc\thread\sys_thread.h"><Filter>include\libcc\thread</Filter></ClInclude><ClInclude Include="..\include\libcc\thread\windows\sys_thread.h"><Filter>include\libcc\thread\windows</Filter></ClInclude><ClInclude Include="..\include\libcc\time.h"><Filter>include\libcc</Filter></ClInclude><ClInclude Include="..\include\libcc\types.h"><Filter>include\libcc</Filter></ClInclude><ClInclude Include="..\include\libcc\url.h"><Filter>include\libcc</Filter></ClInclude><ClInclude Include="..\include\libcc\UTF.h"><Filter>include\libcc</Filter></ClInclude><ClInclude Include="..\include\libcc\uuid.h"><Filter>include\libcc</Filter></ClInclude><ClInclude Include="..\include\libcc\cpu.h"><Filter>include\libcc</Filter></ClInclude><ClInclude Include="..\include\libcc\file.h"><Filter>include\libcc</Filter></ClInclude><ClInclude Include="..\include\libcc\version.h"><Filter>include\libcc</Filter></ClInclude><ClInclude Include="..\include\libcc\crypto\aes.h"><Filter>include\libcc\crypto</Filter></ClInclude><ClInclude Include="..\include\libcc\crypto\des.h"><Filter>include\libcc\crypto</Filter></ClInclude><ClInclude Include="..\include\libcc\crypto\base16.h"><Filter>include\libcc\crypto</Filter></ClInclude><ClInclude Include="..\include\libcc\crypto\base58.h"><Filter>include\libcc\crypto</Filter></ClInclude><ClInclude Include="..\include\libcc\crypto\base64.h"><Filter>include\libcc\crypto</Filter></ClInclude><ClInclude Include="..\include\libcc\crypto\md2.h"><Filter>include\libcc\crypto</Filter></ClInclude><ClInclude Include="..\include\libcc\crypto\md4.h"><Filter>include\libcc\crypto</Filter></ClInclude><ClInclude Include="..\include\libcc\crypto\md5.h"><Filter>include\libcc\crypto</Filter></ClInclude><ClInclude Include="..\include\libcc\crypto\hmac.h"><Filter>include\libcc\crypto</Filter></ClInclude><ClInclude Include="..\include\libcc\crypto\sha.h"><Filter>include\libcc\crypto</Filter></ClInclude><ClInclude Include="..\include\libcc\crypto\xxtea.h"><Filter>include\libcc\crypto</Filter></ClInclude><ClInclude Include="..\include\libcc\event.h"><Filter>include\libcc</Filter></ClInclude><ClInclude Include="..\include\libcc\http.h"><Filter>include\libcc</Filter></ClInclude><ClInclude Include="..\include\libcc\ini.h"><Filter>include\libcc</Filter></ClInclude><ClInclude Include="..\include\libcc\json.h"><Filter>include\libcc</Filter></ClInclude><ClInclude Include="..\include\libcc\socks5.h"><Filter>include\libcc</Filter></ClInclude><ClInclude Include="..\include\libcc\sql.h"><Filter>include\libcc</Filter></ClInclude><ClInclude Include="..\include\libcc\timeout.h"><Filter>include\libcc</Filter></ClInclude><ClInclude Include="..\include\libcc\WS.h"><Filter>include\libcc</Filter></ClInclude><ClInclude Include="..\include\libcc\xml.h"><Filter>include\libcc</Filter></ClInclude><ClInclude Include="..\include\libcc\dns.h"><Filter>include\libcc</Filter></ClInclude><ClInclude Include="..\include\libcc\smtp.h"><Filter>include\libcc</Filter></ClInclude><ClInclude Include="..\include\libcc\OpenSSL.h"><Filter>include\libcc</Filter></ClInclude><ClInclude Include="..\include\libcc\gzip.h"><Filter>include\libcc</Filter></ClInclude><ClInclude Include="..\include\libcc\url_request.h"><Filter>include\libcc</Filter></ClInclude><ClInclude Include="..\src\misc\misc.c.h"><Filter>src\misc</Filter></ClInclude><ClInclude Include="..\src\xml\xml.c.h"><Filter>src\xml</Filter></ClInclude><ClInclude Include="..\src\ini\ini.c.h"><Filter>src\ini</Filter></ClInclude><ClInclude Include="..\src\json\json.c.h"><Filter>src\json</Filter></ClInclude><ClInclude Include="..\src\malloc\debug.tracked.c.h"><Filter>src\malloc</Filter></ClInclude><ClInclude Include="..\src\os\windows\sys_iocp.h"><Filter>src\os\windows</Filter></ClInclude><ClInclude Include="..\src\event\event.c.h"><Filter>src\event</Filter></ClInclude></ItemGroup></Project>