<?xml version='1.0' encoding='utf-8'?>
<Project ToolsVersion="4.0" xmlns="http://schemas.microsoft.com/developer/msbuild/2003"><ItemGroup><Filter Include="assets"><UniqueIdentifier>1b1a19e9-ac10-49cc-9cd5-402731fe0b2d</UniqueIdentifier><Extensions>rc;ico;cur;bmp;dlg;rc2;rct;bin;rgs;gif;jpg;jpeg;jpe;resx;tiff;tif;png;wav;mfcribbon-ms</Extensions></Filter><Filter Include="src"><UniqueIdentifier>438230f0-6ce6-4af8-8d89-42fecfb88aff</UniqueIdentifier><Extensions>cpp;c;cc;cxx;def;odl;idl;hpj;bat;asm;asmx</Extensions></Filter><Filter Include="include"><UniqueIdentifier>6d22753f-5f78-4b05-aa0e-ecb15bf5bab4</UniqueIdentifier><Extensions>h;hpp;hxx;hm;inl;inc;xsd</Extensions></Filter><Filter Include="include"><UniqueIdentifier>8f0839c6-5f22-4bf3-b282-a679740c8e6e</UniqueIdentifier></Filter><Filter Include="include\libcc"><UniqueIdentifier>60795eaa-6d36-4b8b-9039-9689ebdab6e2</UniqueIdentifier></Filter><Filter Include="include\libcc\crypto"><UniqueIdentifier>781bcc22-a293-4b58-ad00-0fa6a51bb3cd</UniqueIdentifier></Filter><Filter Include="include\libcc\os"><UniqueIdentifier>0c938e5a-fa90-4f61-8f86-a559233d355f</UniqueIdentifier></Filter><Filter Include="include\libcc\os\windows"><UniqueIdentifier>ad8f12af-59bc-4dbc-a5bd-33821df86a51</UniqueIdentifier></Filter><Filter Include="include\libcc\thread"><UniqueIdentifier>d2f9db95-bba1-41d8-b154-132d240b102a</UniqueIdentifier></Filter><Filter Include="include\libcc\thread\windows"><UniqueIdentifier>e4519298-3a4d-442f-b754-ba49eee0f372</UniqueIdentifier></Filter><Filter Include="src"><UniqueIdentifier>73753ba8-3cf0-418c-8376-8724fb5fa9cd</UniqueIdentifier></Filter><Filter Include="src\atomic"><UniqueIdentifier>9057d6a6-66fc-4c85-967f-497ecf15b317</UniqueIdentifier></Filter><Filter Include="src\crypto"><UniqueIdentifier>e8199644-9028-4eb5-a658-5d1ef4bf6921</UniqueIdentifier></Filter><Filter Include="src\db"><UniqueIdentifier>cf8f0603-5d56-4d58-bd86-6fec1f40aa1c</UniqueIdentifier></Filter><Filter Include="src\event"><UniqueIdentifier>d26369bb-1705-4800-bc6a-f5ec48cf7cf2</UniqueIdentifier></Filter><Filter Include="src\http"><UniqueIdentifier>f8a28aaa-fc17-44fa-b99b-5db4c7e7224d</UniqueIdentifier></Filter><Filter Include="src\http\http-v1.x"><UniqueIdentifier>15acfa24-05e1-43f8-b4df-e76797e6c9cb</UniqueIdentifier></Filter><Filter Include="src\ini"><UniqueIdentifier>ff0212e5-abd0-454b-91d0-169f8ce3a3eb</UniqueIdentifier></Filter><Filter Include="src\json"><UniqueIdentifier>6a2eabaa-50cf-43ff-a2b9-444e9b7ac44c</UniqueIdentifier></Filter><Filter Include="src\malloc"><UniqueIdentifier>a2b1fca5-4f05-403c-a59a-d95a14c2906e</UniqueIdentifier></Filter><Filter Include="src\misc"><UniqueIdentifier>8f2e58cc-da87-4bad-a1c5-bed6dc1f8470</UniqueIdentifier></Filter><Filter Include="src\os"><UniqueIdentifier>d6cf2f5c-6cd9-4d14-b258-a7bb29eec765</UniqueIdentifier></Filter><Filter Include="src\os\windows"><UniqueIdentifier>0b9e2618-56fd-4329-b411-3639f3acd9ed</UniqueIdentifier></Filter><Filter Include="src\thread"><UniqueIdentifier>3d5c394b-2cd9-483a-97fe-30ea706ca000</UniqueIdentifier></Filter><Filter Include="src\thread\windows"><UniqueIdentifier>75ded640-3f1b-451a-97ec-405acdec89c3</UniqueIdentifier></Filter><Filter Include="src\xml"><UniqueIdentifier>e92b8d77-1413-44f0-9c1e-f653f5e98ce3</UniqueIdentifier></Filter></ItemGroup><ItemGroup><ClCompile Include="..\src\array.c"><Filter>src</Filter></ClCompile><ClCompile Include="..\src\queue.c"><Filter>src</Filter></ClCompile><ClCompile Include="..\src\buf.c"><Filter>src</Filter></ClCompile><ClCompile Include="..\src\rwbuf.c"><Filter>src</Filter></ClCompile><ClCompile Include="..\src\sds.c"><Filter>src</Filter></ClCompile><ClCompile Include="..\src\string.c"><Filter>src</Filter></ClCompile><ClCompile Include="..\src\url.c"><Filter>src</Filter></ClCompile><ClCompile Include="..\src\UTF.c"><Filter>src</Filter></ClCompile><ClCompile Include="..\src\uuid.c"><Filter>src</Filter></ClCompile><ClCompile Include="..\src\crc.c"><Filter>src</Filter></ClCompile><ClCompile Include="..\src\list.c"><Filter>src</Filter></ClCompile><ClCompile Include="..\src\hmap.c"><Filter>src</Filter></ClCompile><ClCompile Include="..\src\logger.c"><Filter>src</Filter></ClCompile><ClCompile Include="..\src\syslog.c"><Filter>src</Filter></ClCompile><ClCompile Include="..\src\rand.c"><Filter>src</Filter></ClCompile><ClCompile Include="..\src\rbtree.c"><Filter>src</Filter></ClCompile><ClCompile Include="..\src\ring.c"><Filter>src</Filter></ClCompile><ClCompile Include="..\src\file.c"><Filter>src</Filter></ClCompile><ClCompile Include="..\src\cpu.c"><Filter>src</Filter></ClCompile><ClCompile Include="..\src\snowflake.c"><Filter>src</Filter></ClCompile><ClCompile Include="..\src\google.auth.c"><Filter>src</Filter></ClCompile><ClCompile Include="..\src\atomic\atomic.c"><Filter>src\atomic</Filter></ClCompile><ClCompile Include="..\src\atomic\rwlock.c"><Filter>src\atomic</Filter></ClCompile><ClCompile Include="..\src\os\os.c"><Filter>src\os</Filter></ClCompile><ClCompile Include="..\src\os\windows\sys_mmap.c"><Filter>src\os\windows</Filter></ClCompile><ClCompile Include="..\src\os\windows\sys_pipe.c"><Filter>src\os\windows</Filter></ClCompile><ClCompile Include="..\src\os\windows\sys_windows.c"><Filter>src\os\windows</Filter></ClCompile><ClCompile Include="..\src\os\windows\sys_clipboard.c"><Filter>src\os\windows</Filter></ClCompile><ClCompile Include="..\src\os\windows\sys_dirent.c"><Filter>src\os\windows</Filter></ClCompile><ClCompile Include="..\src\os\windows\sys_file.c"><Filter>src\os\windows</Filter></ClCompile><ClCompile Include="..\src\os\windows\sys_locale.c"><Filter>src\os\windows</Filter></ClCompile><ClCompile Include="..\src\os\windows\sys_time.c"><Filter>src\os\windows</Filter></ClCompile><ClCompile Include="..\src\os\windows\sys_iocp.c"><Filter>src\os\windows</Filter></ClCompile><ClCompile Include="..\src\os\windows\sys_io_context.c"><Filter>src\os\windows</Filter></ClCompile><ClCompile Include="..\src\os\windows\sys_WSA.c"><Filter>src\os\windows</Filter></ClCompile><ClCompile Include="..\src\os\windows\sys_loadso.c"><Filter>src\os\windows</Filter></ClCompile><ClCompile Include="..\src\os\windows\sys_socket.c"><Filter>src\os\windows</Filter></ClCompile><ClCompile Include="..\src\os\windows\sys_power.c"><Filter>src\os\windows</Filter></ClCompile><ClCompile Include="..\src\crypto\des.c"><Filter>src\crypto</Filter></ClCompile><ClCompile Include="..\src\crypto\aes.c"><Filter>src\crypto</Filter></ClCompile><ClCompile Include="..\src\crypto\base16.c"><Filter>src\crypto</Filter></ClCompile><ClCompile Include="..\src\crypto\base32.c"><Filter>src\crypto</Filter></ClCompile><ClCompile Include="..\src\crypto\base58.c"><Filter>src\crypto</Filter></ClCompile><ClCompile Include="..\src\crypto\base64.c"><Filter>src\crypto</Filter></ClCompile><ClCompile Include="..\src\crypto\hmac.c"><Filter>src\crypto</Filter></ClCompile><ClCompile Include="..\src\crypto\md2.c"><Filter>src\crypto</Filter></ClCompile><ClCompile Include="..\src\crypto\md4.c"><Filter>src\crypto</Filter></ClCompile><ClCompile Include="..\src\crypto\md5.c"><Filter>src\crypto</Filter></ClCompile><ClCompile Include="..\src\crypto\sha1.c"><Filter>src\crypto</Filter></ClCompile><ClCompile Include="..\src\crypto\sha256.c"><Filter>src\crypto</Filter></ClCompile><ClCompile Include="..\src\crypto\sha512.c"><Filter>src\crypto</Filter></ClCompile><ClCompile Include="..\src\crypto\xxtea.c"><Filter>src\crypto</Filter></ClCompile><ClCompile Include="..\src\crypto\OpenSSL.c"><Filter>src\crypto</Filter></ClCompile><ClCompile Include="..\src\thread\thread.c"><Filter>src\thread</Filter></ClCompile><ClCompile Include="..\src\thread\windows\sys_cond.c"><Filter>src\thread\windows</Filter></ClCompile><ClCompile Include="..\src\thread\windows\sys_mutex.c"><Filter>src\thread\windows</Filter></ClCompile><ClCompile Include="..\src\thread\windows\sys_sem.c"><Filter>src\thread\windows</Filter></ClCompile><ClCompile Include="..\src\thread\windows\sys_thread.c"><Filter>src\thread\windows</Filter></ClCompile><ClCompile Include="..\src\misc\inet.c"><Filter>src\misc</Filter></ClCompile><ClCompile Include="..\src\misc\socket.c"><Filter>src\misc</Filter></ClCompile><ClCompile Include="..\src\misc\power.c"><Filter>src\misc</Filter></ClCompile><ClCompile Include="..\src\misc\strptime.c"><Filter>src\misc</Filter></ClCompile><ClCompile Include="..\src\misc\tick.c"><Filter>src\misc</Filter></ClCompile><ClCompile Include="..\src\misc\time.c"><Filter>src\misc</Filter></ClCompile><ClCompile Include="..\src\misc\misc.c"><Filter>src\misc</Filter></ClCompile><ClCompile Include="..\src\misc\gzip.c"><Filter>src\misc</Filter></ClCompile><ClCompile Include="..\src\misc\WS.c"><Filter>src\misc</Filter></ClCompile><ClCompile Include="..\src\malloc\alloc.c"><Filter>src\malloc</Filter></ClCompile><ClCompile Include="..\src\db\mysql.c"><Filter>src\db</Filter></ClCompile><ClCompile Include="..\src\db\sqlite.c"><Filter>src\db</Filter></ClCompile><ClCompile Include="..\src\db\sqlsvr.c"><Filter>src\db</Filter></ClCompile><ClCompile Include="..\src\ini\ini.c"><Filter>src\ini</Filter></ClCompile><ClCompile Include="..\src\ini\ini.parser.c"><Filter>src\ini</Filter></ClCompile><ClCompile Include="..\src\xml\xml.c"><Filter>src\xml</Filter></ClCompile><ClCompile Include="..\src\xml\xml.parser.c"><Filter>src\xml</Filter></ClCompile><ClCompile Include="..\src\json\json.array.c"><Filter>src\json</Filter></ClCompile><ClCompile Include="..\src\json\json.c"><Filter>src\json</Filter></ClCompile><ClCompile Include="..\src\json\json.object.c"><Filter>src\json</Filter></ClCompile><ClCompile Include="..\src\json\json.parser.c"><Filter>src\json</Filter></ClCompile><ClCompile Include="..\src\http\http-v1.x\header.c"><Filter>src\http\http-v1.x</Filter></ClCompile><ClCompile Include="..\src\http\http-v1.x\request.parser.c"><Filter>src\http\http-v1.x</Filter></ClCompile><ClCompile Include="..\src\http\http-v1.x\response.parser.c"><Filter>src\http\http-v1.x</Filter></ClCompile><ClCompile Include="..\src\http\http-v1.x\request.c"><Filter>src\http\http-v1.x</Filter></ClCompile><ClCompile Include="..\src\http\http-v1.x\request.response.c"><Filter>src\http\http-v1.x</Filter></ClCompile><ClCompile Include="..\src\event\event.c"><Filter>src\event</Filter></ClCompile><ClCompile Include="..\src\event\loop.c"><Filter>src\event</Filter></ClCompile><ClCompile Include="..\src\event\buffer.c"><Filter>src\event</Filter></ClCompile><ClCompile Include="..\src\event\select.c"><Filter>src\event</Filter></ClCompile><ClCompile Include="..\src\event\tcp.c"><Filter>src\event</Filter></ClCompile><ClCompile Include="..\src\event\timeout.c"><Filter>src\event</Filter></ClCompile><ClCompile Include="..\src\main.c"><Filter>src</Filter></ClCompile></ItemGroup><ItemGroup><ClInclude Include="..\include\libcc.h"><Filter>include</Filter></ClInclude><ClInclude Include="..\include\libcc\alloc.h"><Filter>include\libcc</Filter></ClInclude><ClInclude Include="..\include\libcc\array.h"><Filter>include\libcc</Filter></ClInclude><ClInclude Include="..\include\libcc\atomic.h"><Filter>include\libcc</Filter></ClInclude><ClInclude Include="..\include\libcc\rwbuf.h"><Filter>include\libcc</Filter></ClInclude><ClInclude Include="..\include\libcc\buf.h"><Filter>include\libcc</Filter></ClInclude><ClInclude Include="..\include\libcc\os.h"><Filter>include\libcc</Filter></ClInclude><ClInclude Include="..\include\libcc\dirent.h"><Filter>include\libcc</Filter></ClInclude><ClInclude Include="..\include\libcc\list.h"><Filter>include\libcc</Filter></ClInclude><ClInclude Include="..\include\libcc\endian.h"><Filter>include\libcc</Filter></ClInclude><ClInclude Include="..\include\libcc\crc.h"><Filter>include\libcc</Filter></ClInclude><ClInclude Include="..\include\libcc\loadso.h"><Filter>include\libcc</Filter></ClInclude><ClInclude Include="..\include\libcc\logger.h"><Filter>include\libcc</Filter></ClInclude><ClInclude Include="..\include\libcc\syslog.h"><Filter>include\libcc</Filter></ClInclude><ClInclude Include="..\include\libcc\math.h"><Filter>include\libcc</Filter></ClInclude><ClInclude Include="..\include\libcc\mutex.h"><Filter>include\libcc</Filter></ClInclude><ClInclude Include="..\include\libcc\power.h"><Filter>include\libcc</Filter></ClInclude><ClInclude Include="..\include\libcc\rand.h"><Filter>include\libcc</Filter></ClInclude><ClInclude Include="..\include\libcc\rbtree.h"><Filter>include\libcc</Filter></ClInclude><ClInclude Include="..\include\libcc\ring.h"><Filter>include\libcc</Filter></ClInclude><ClInclude Include="..\include\libcc\queue.h"><Filter>include\libcc</Filter></ClInclude><ClInclude Include="..\include\libcc\sds.h"><Filter>include\libcc</Filter></ClInclude><ClInclude Include="..\include\libcc\string.h"><Filter>include\libcc</Filter></ClInclude><ClInclude Include="..\include\libcc\hmap.h"><Filter>include\libcc</Filter></ClInclude><ClInclude Include="..\include\libcc\tchar.h"><Filter>include\libcc</Filter></ClInclude><ClInclude Include="..\include\libcc\thread.h"><Filter>include\libcc</Filter></ClInclude><ClInclude Include="..\include\libcc\socket.h"><Filter>include\libcc</Filter></ClInclude><ClInclude Include="..\include\libcc\os\windows.h"><Filter>include\libcc\os</Filter></ClInclude><ClInclude Include="..\include\libcc\os\compiler.h"><Filter>include\libcc\os</Filter></ClInclude><ClInclude Include="..\include\libcc\os\os.h"><Filter>include\libcc\os</Filter></ClInclude><ClInclude Include="..\include\libcc\os\windows\sys_socket.h"><Filter>include\libcc\os\windows</Filter></ClInclude><ClInclude Include="..\include\libcc\thread\sys_thread.h"><Filter>include\libcc\thread</Filter></ClInclude><ClInclude Include="..\include\libcc\thread\windows\sys_thread.h"><Filter>include\libcc\thread\windows</Filter></ClInclude><ClInclude Include="..\include\libcc\time.h"><Filter>include\libcc</Filter></ClInclude><ClInclude Include="..\include\libcc\types.h"><Filter>include\libcc</Filter></ClInclude><ClInclude Include="..\include\libcc\url.h"><Filter>include\libcc</Filter></ClInclude><ClInclude Include="..\include\libcc\UTF.h"><Filter>include\libcc</Filter></ClInclude><ClInclude Include="..\include\libcc\uuid.h"><Filter>include\libcc</Filter></ClInclude><ClInclude Include="..\include\libcc\cpu.h"><Filter>include\libcc</Filter></ClInclude><ClInclude Include="..\include\libcc\file.h"><Filter>include\libcc</Filter></ClInclude><ClInclude Include="..\include\libcc\version.h"><Filter>include\libcc</Filter></ClInclude><ClInclude Include="..\include\libcc\crypto\aes.h"><Filter>include\libcc\crypto</Filter></ClInclude><ClInclude Include="..\include\libcc\crypto\des.h"><Filter>include\libcc\crypto</Filter></ClInclude><ClInclude Include="..\include\libcc\crypto\base16.h"><Filter>include\libcc\crypto</Filter></ClInclude><ClInclude Include="..\include\libcc\crypto\base32.h"><Filter>include\libcc\crypto</Filter></ClInclude><ClInclude Include="..\include\libcc\crypto\base58.h"><Filter>include\libcc\crypto</Filter></ClInclude><ClInclude Include="..\include\libcc\crypto\base64.h"><Filter>include\libcc\crypto</Filter></ClInclude><ClInclude Include="..\include\libcc\crypto\md2.h"><Filter>include\libcc\crypto</Filter></ClInclude><ClInclude Include="..\include\libcc\crypto\md4.h"><Filter>include\libcc\crypto</Filter></ClInclude><ClInclude Include="..\include\libcc\crypto\md5.h"><Filter>include\libcc\crypto</Filter></ClInclude><ClInclude Include="..\include\libcc\crypto\hmac.h"><Filter>include\libcc\crypto</Filter></ClInclude><ClInclude Include="..\include\libcc\crypto\sha.h"><Filter>include\libcc\crypto</Filter></ClInclude><ClInclude Include="..\include\libcc\crypto\xxtea.h"><Filter>include\libcc\crypto</Filter></ClInclude><ClInclude Include="..\include\libcc\event.h"><Filter>include\libcc</Filter></ClInclude><ClInclude Include="..\include\libcc\http.h"><Filter>include\libcc</Filter></ClInclude><ClInclude Include="..\include\libcc\ini.h"><Filter>include\libcc</Filter></ClInclude><ClInclude Include="..\include\libcc\json.h"><Filter>include\libcc</Filter></ClInclude><ClInclude Include="..\include\libcc\socks5.h"><Filter>include\libcc</Filter></ClInclude><ClInclude Include="..\include\libcc\sql.h"><Filter>include\libcc</Filter></ClInclude><ClInclude Include="..\include\libcc\timeout.h"><Filter>include\libcc</Filter></ClInclude><ClInclude Include="..\include\libcc\WS.h"><Filter>include\libcc</Filter></ClInclude><ClInclude Include="..\include\libcc\xml.h"><Filter>include\libcc</Filter></ClInclude><ClInclude Include="..\include\libcc\dns.h"><Filter>include\libcc</Filter></ClInclude><ClInclude Include="..\include\libcc\smtp.h"><Filter>include\libcc</Filter></ClInclude><ClInclude Include="..\include\libcc\OpenSSL.h"><Filter>include\libcc</Filter></ClInclude><ClInclude Include="..\include\libcc\gzip.h"><Filter>include\libcc</Filter></ClInclude><ClInclude Include="..\include\libcc\http_request.h"><Filter>include\libcc</Filter></ClInclude><ClInclude Include="..\src\misc\google.auth.h"><Filter>src\misc</Filter></ClInclude><ClInclude Include="..\src\misc\misc.c.h"><Filter>src\misc</Filter></ClInclude><ClInclude Include="..\src\xml\xml.c.h"><Filter>src\xml</Filter></ClInclude><ClInclude Include="..\src\ini\ini.c.h"><Filter>src\ini</Filter></ClInclude><ClInclude Include="..\src\json\json.c.h"><Filter>src\json</Filter></ClInclude><ClInclude Include="..\src\malloc\debug.tracked.c.h"><Filter>src\malloc</Filter></ClInclude><ClInclude Include="..\src\os\windows\sys_iocp.h"><Filter>src\os\windows</Filter></ClInclude><ClInclude Include="..\src\event\event.c.h"><Filter>src\event</Filter></ClInclude></ItemGroup></Project>