<?xml version='1.0' encoding='utf-8'?>
<Project ToolsVersion="4.0" xmlns="http://schemas.microsoft.com/developer/msbuild/2003"><ItemGroup><Filter Include="assets"><UniqueIdentifier>8cdd039d-c24f-4113-8e3f-4b8ff0453a75</UniqueIdentifier><Extensions>rc;ico;cur;bmp;dlg;rc2;rct;bin;rgs;gif;jpg;jpeg;jpe;resx;tiff;tif;png;wav;mfcribbon-ms</Extensions></Filter><Filter Include="src"><UniqueIdentifier>c7d175ef-9a5c-4824-9b02-885d6b843aa4</UniqueIdentifier><Extensions>cpp;c;cc;cxx;def;odl;idl;hpj;bat;asm;asmx</Extensions></Filter><Filter Include="include"><UniqueIdentifier>dc2ef722-81a2-4c75-ab61-75d2141939c8</UniqueIdentifier><Extensions>h;hpp;hxx;hm;inl;inc;xsd</Extensions></Filter><Filter Include="include"><UniqueIdentifier>fed9ea1d-3a55-4449-8c2b-e0d59dd4c6bc</UniqueIdentifier></Filter><Filter Include="include\libcc"><UniqueIdentifier>2be1e6e3-89cc-432a-8c4f-01c0774b862b</UniqueIdentifier></Filter><Filter Include="include\libcc\crypto"><UniqueIdentifier>de26fc23-0539-46ee-bfcc-bb2ded4e0d2d</UniqueIdentifier></Filter><Filter Include="include\libcc\platform"><UniqueIdentifier>2f34485c-cead-4d31-9a6f-7ef60c55f5cb</UniqueIdentifier></Filter><Filter Include="include\libcc\platform\windows"><UniqueIdentifier>cb0c24dd-ae1d-4e8a-9ce1-a55a5a5100c7</UniqueIdentifier></Filter><Filter Include="include\libcc\thread"><UniqueIdentifier>1c50845c-e924-4e39-84c8-a42b51cef3d7</UniqueIdentifier></Filter><Filter Include="include\libcc\thread\windows"><UniqueIdentifier>934d0d31-1bfa-4b33-a0f1-be421ca394da</UniqueIdentifier></Filter><Filter Include="src"><UniqueIdentifier>3eecd41d-7a46-4038-903f-81b3795dbde4</UniqueIdentifier></Filter><Filter Include="src\atomic"><UniqueIdentifier>dc58b5c2-ba38-467d-9b8a-bf5f7b51bd50</UniqueIdentifier></Filter><Filter Include="src\crypto"><UniqueIdentifier>bb707baf-453b-4c51-bce2-45141486916c</UniqueIdentifier></Filter><Filter Include="src\db"><UniqueIdentifier>0495c530-19d5-476b-9ff4-067fe3f75683</UniqueIdentifier></Filter><Filter Include="src\event"><UniqueIdentifier>3c5a6815-5bec-4994-9eed-77585dcb0c55</UniqueIdentifier></Filter><Filter Include="src\generic"><UniqueIdentifier>a381d5b3-5335-4f4d-9261-3a7f1e6e687b</UniqueIdentifier></Filter><Filter Include="src\http"><UniqueIdentifier>cbdfddf7-7ce4-4f84-aacd-3963fc3662a9</UniqueIdentifier></Filter><Filter Include="src\ini"><UniqueIdentifier>9da6640e-5952-4196-8714-367642f82605</UniqueIdentifier></Filter><Filter Include="src\json"><UniqueIdentifier>60cdff0c-6242-4b17-8df2-e5fbc96293c2</UniqueIdentifier></Filter><Filter Include="src\malloc"><UniqueIdentifier>b01d67d7-107c-48d2-b290-2305ac043b02</UniqueIdentifier></Filter><Filter Include="src\platform"><UniqueIdentifier>937aefe7-1c5d-43be-8737-6dc2a0e71b06</UniqueIdentifier></Filter><Filter Include="src\platform\windows"><UniqueIdentifier>2fff9464-bd82-4ce3-b43c-5a7ababe7728</UniqueIdentifier></Filter><Filter Include="src\thread"><UniqueIdentifier>dadc00a8-a684-4021-aea3-6c135d07109b</UniqueIdentifier></Filter><Filter Include="src\thread\windows"><UniqueIdentifier>ea88ec94-0cbd-42dc-920b-fd9fd9d6f153</UniqueIdentifier></Filter><Filter Include="src\url_request"><UniqueIdentifier>ec192ce5-eda0-4b66-8ca6-be3bb3eb3296</UniqueIdentifier></Filter><Filter Include="src\url_request\http"><UniqueIdentifier>9bf68214-0cc8-4523-ac0d-a95f91c1bfe7</UniqueIdentifier></Filter><Filter Include="src\xml"><UniqueIdentifier>11279f8b-a965-4ea2-9b45-d9018cc6a239</UniqueIdentifier></Filter></ItemGroup><ItemGroup><ClCompile Include="..\src\array.c"><Filter>src</Filter></ClCompile><ClCompile Include="..\src\queue.c"><Filter>src</Filter></ClCompile><ClCompile Include="..\src\buf.c"><Filter>src</Filter></ClCompile><ClCompile Include="..\src\sds.c"><Filter>src</Filter></ClCompile><ClCompile Include="..\src\string.c"><Filter>src</Filter></ClCompile><ClCompile Include="..\src\url.c"><Filter>src</Filter></ClCompile><ClCompile Include="..\src\UTF.c"><Filter>src</Filter></ClCompile><ClCompile Include="..\src\uuid.c"><Filter>src</Filter></ClCompile><ClCompile Include="..\src\crc.c"><Filter>src</Filter></ClCompile><ClCompile Include="..\src\list.c"><Filter>src</Filter></ClCompile><ClCompile Include="..\src\hmap.c"><Filter>src</Filter></ClCompile><ClCompile Include="..\src\logger.c"><Filter>src</Filter></ClCompile><ClCompile Include="..\src\syslog.c"><Filter>src</Filter></ClCompile><ClCompile Include="..\src\rand.c"><Filter>src</Filter></ClCompile><ClCompile Include="..\src\rbtree.c"><Filter>src</Filter></ClCompile><ClCompile Include="..\src\ring.c"><Filter>src</Filter></ClCompile><ClCompile Include="..\src\file.c"><Filter>src</Filter></ClCompile><ClCompile Include="..\src\cpu.c"><Filter>src</Filter></ClCompile><ClCompile Include="..\src\atomic\atomic.c"><Filter>src\atomic</Filter></ClCompile><ClCompile Include="..\src\atomic\rwlock.c"><Filter>src\atomic</Filter></ClCompile><ClCompile Include="..\src\platform\platform.c"><Filter>src\platform</Filter></ClCompile><ClCompile Include="..\src\platform\windows\sys_mmap.c"><Filter>src\platform\windows</Filter></ClCompile><ClCompile Include="..\src\platform\windows\sys_pipe.c"><Filter>src\platform\windows</Filter></ClCompile><ClCompile Include="..\src\platform\windows\sys_windows.c"><Filter>src\platform\windows</Filter></ClCompile><ClCompile Include="..\src\platform\windows\sys_clipboard.c"><Filter>src\platform\windows</Filter></ClCompile><ClCompile Include="..\src\platform\windows\sys_dirent.c"><Filter>src\platform\windows</Filter></ClCompile><ClCompile Include="..\src\platform\windows\sys_file.c"><Filter>src\platform\windows</Filter></ClCompile><ClCompile Include="..\src\platform\windows\sys_locale.c"><Filter>src\platform\windows</Filter></ClCompile><ClCompile Include="..\src\platform\windows\sys_time.c"><Filter>src\platform\windows</Filter></ClCompile><ClCompile Include="..\src\platform\windows\sys_iocp.c"><Filter>src\platform\windows</Filter></ClCompile><ClCompile Include="..\src\platform\windows\sys_io_context.c"><Filter>src\platform\windows</Filter></ClCompile><ClCompile Include="..\src\platform\windows\sys_WSA.c"><Filter>src\platform\windows</Filter></ClCompile><ClCompile Include="..\src\platform\windows\sys_loadso.c"><Filter>src\platform\windows</Filter></ClCompile><ClCompile Include="..\src\platform\windows\sys_socket.c"><Filter>src\platform\windows</Filter></ClCompile><ClCompile Include="..\src\platform\windows\sys_power.c"><Filter>src\platform\windows</Filter></ClCompile><ClCompile Include="..\src\crypto\des.c"><Filter>src\crypto</Filter></ClCompile><ClCompile Include="..\src\crypto\aes.c"><Filter>src\crypto</Filter></ClCompile><ClCompile Include="..\src\crypto\base16.c"><Filter>src\crypto</Filter></ClCompile><ClCompile Include="..\src\crypto\base58.c"><Filter>src\crypto</Filter></ClCompile><ClCompile Include="..\src\crypto\base64.c"><Filter>src\crypto</Filter></ClCompile><ClCompile Include="..\src\crypto\hmac.c"><Filter>src\crypto</Filter></ClCompile><ClCompile Include="..\src\crypto\md2.c"><Filter>src\crypto</Filter></ClCompile><ClCompile Include="..\src\crypto\md4.c"><Filter>src\crypto</Filter></ClCompile><ClCompile Include="..\src\crypto\md5.c"><Filter>src\crypto</Filter></ClCompile><ClCompile Include="..\src\crypto\sha1.c"><Filter>src\crypto</Filter></ClCompile><ClCompile Include="..\src\crypto\sha256.c"><Filter>src\crypto</Filter></ClCompile><ClCompile Include="..\src\crypto\sha512.c"><Filter>src\crypto</Filter></ClCompile><ClCompile Include="..\src\crypto\xxtea.c"><Filter>src\crypto</Filter></ClCompile><ClCompile Include="..\src\thread\thread.c"><Filter>src\thread</Filter></ClCompile><ClCompile Include="..\src\thread\windows\sys_cond.c"><Filter>src\thread\windows</Filter></ClCompile><ClCompile Include="..\src\thread\windows\sys_mutex.c"><Filter>src\thread\windows</Filter></ClCompile><ClCompile Include="..\src\thread\windows\sys_sem.c"><Filter>src\thread\windows</Filter></ClCompile><ClCompile Include="..\src\thread\windows\sys_thread.c"><Filter>src\thread\windows</Filter></ClCompile><ClCompile Include="..\src\generic\generic.c.h"><Filter>src\generic</Filter></ClCompile><ClCompile Include="..\src\generic\inet.c"><Filter>src\generic</Filter></ClCompile><ClCompile Include="..\src\generic\socket.c"><Filter>src\generic</Filter></ClCompile><ClCompile Include="..\src\generic\power.c"><Filter>src\generic</Filter></ClCompile><ClCompile Include="..\src\generic\strptime.c"><Filter>src\generic</Filter></ClCompile><ClCompile Include="..\src\generic\tick.c"><Filter>src\generic</Filter></ClCompile><ClCompile Include="..\src\generic\time.c"><Filter>src\generic</Filter></ClCompile><ClCompile Include="..\src\generic\generic.c"><Filter>src\generic</Filter></ClCompile><ClCompile Include="..\src\generic\gzip.c"><Filter>src\generic</Filter></ClCompile><ClCompile Include="..\src\generic\WS.c"><Filter>src\generic</Filter></ClCompile><ClCompile Include="..\src\malloc\alloc.c"><Filter>src\malloc</Filter></ClCompile><ClCompile Include="..\src\malloc\debug.malloc.c"><Filter>src\malloc</Filter></ClCompile><ClCompile Include="..\src\malloc\debug.tracked.c"><Filter>src\malloc</Filter></ClCompile><ClCompile Include="..\src\db\mysql.c"><Filter>src\db</Filter></ClCompile><ClCompile Include="..\src\db\sqlite.c"><Filter>src\db</Filter></ClCompile><ClCompile Include="..\src\db\sqlsvr.c"><Filter>src\db</Filter></ClCompile><ClCompile Include="..\src\ini\ini.c"><Filter>src\ini</Filter></ClCompile><ClCompile Include="..\src\ini\ini.parser.c"><Filter>src\ini</Filter></ClCompile><ClCompile Include="..\src\xml\xml.c"><Filter>src\xml</Filter></ClCompile><ClCompile Include="..\src\xml\xml.parser.c"><Filter>src\xml</Filter></ClCompile><ClCompile Include="..\src\json\json.array.c"><Filter>src\json</Filter></ClCompile><ClCompile Include="..\src\json\json.c"><Filter>src\json</Filter></ClCompile><ClCompile Include="..\src\json\json.object.c"><Filter>src\json</Filter></ClCompile><ClCompile Include="..\src\json\json.parser.c"><Filter>src\json</Filter></ClCompile><ClCompile Include="..\src\http\header.c"><Filter>src\http</Filter></ClCompile><ClCompile Include="..\src\http\request.parser.c"><Filter>src\http</Filter></ClCompile><ClCompile Include="..\src\http\response.parser.c"><Filter>src\http</Filter></ClCompile><ClCompile Include="..\src\url_request\http\url_request.c"><Filter>src\url_request\http</Filter></ClCompile><ClCompile Include="..\src\url_request\http\url_response.c"><Filter>src\url_request\http</Filter></ClCompile><ClCompile Include="..\src\event\event.c"><Filter>src\event</Filter></ClCompile><ClCompile Include="..\src\event\loop.c"><Filter>src\event</Filter></ClCompile><ClCompile Include="..\src\event\buffer.c"><Filter>src\event</Filter></ClCompile><ClCompile Include="..\src\event\select.c"><Filter>src\event</Filter></ClCompile><ClCompile Include="..\src\event\tcp.c"><Filter>src\event</Filter></ClCompile><ClCompile Include="..\src\event\timeout.c"><Filter>src\event</Filter></ClCompile><ClCompile Include="..\src\event\OpenSSL.c"><Filter>src\event</Filter></ClCompile><ClCompile Include="..\src\main.c"><Filter>src</Filter></ClCompile></ItemGroup><ItemGroup><ClInclude Include="..\include\libcc.h"><Filter>include</Filter></ClInclude><ClInclude Include="..\include\libcc\alloc.h"><Filter>include\libcc</Filter></ClInclude><ClInclude Include="..\include\libcc\array.h"><Filter>include\libcc</Filter></ClInclude><ClInclude Include="..\include\libcc\atomic.h"><Filter>include\libcc</Filter></ClInclude><ClInclude Include="..\include\libcc\buf.h"><Filter>include\libcc</Filter></ClInclude><ClInclude Include="..\include\libcc\platform.h"><Filter>include\libcc</Filter></ClInclude><ClInclude Include="..\include\libcc\dirent.h"><Filter>include\libcc</Filter></ClInclude><ClInclude Include="..\include\libcc\list.h"><Filter>include\libcc</Filter></ClInclude><ClInclude Include="..\include\libcc\endian.h"><Filter>include\libcc</Filter></ClInclude><ClInclude Include="..\include\libcc\crc.h"><Filter>include\libcc</Filter></ClInclude><ClInclude Include="..\include\libcc\loadso.h"><Filter>include\libcc</Filter></ClInclude><ClInclude Include="..\include\libcc\logger.h"><Filter>include\libcc</Filter></ClInclude><ClInclude Include="..\include\libcc\syslog.h"><Filter>include\libcc</Filter></ClInclude><ClInclude Include="..\include\libcc\math.h"><Filter>include\libcc</Filter></ClInclude><ClInclude Include="..\include\libcc\mutex.h"><Filter>include\libcc</Filter></ClInclude><ClInclude Include="..\include\libcc\power.h"><Filter>include\libcc</Filter></ClInclude><ClInclude Include="..\include\libcc\rand.h"><Filter>include\libcc</Filter></ClInclude><ClInclude Include="..\include\libcc\rbtree.h"><Filter>include\libcc</Filter></ClInclude><ClInclude Include="..\include\libcc\ring.h"><Filter>include\libcc</Filter></ClInclude><ClInclude Include="..\include\libcc\queue.h"><Filter>include\libcc</Filter></ClInclude><ClInclude Include="..\include\libcc\sds.h"><Filter>include\libcc</Filter></ClInclude><ClInclude Include="..\include\libcc\string.h"><Filter>include\libcc</Filter></ClInclude><ClInclude Include="..\include\libcc\hmap.h"><Filter>include\libcc</Filter></ClInclude><ClInclude Include="..\include\libcc\tchar.h"><Filter>include\libcc</Filter></ClInclude><ClInclude Include="..\include\libcc\thread.h"><Filter>include\libcc</Filter></ClInclude><ClInclude Include="..\include\libcc\socket.h"><Filter>include\libcc</Filter></ClInclude><ClInclude Include="..\include\libcc\platform\windows.h"><Filter>include\libcc\platform</Filter></ClInclude><ClInclude Include="..\include\libcc\platform\compiler.h"><Filter>include\libcc\platform</Filter></ClInclude><ClInclude Include="..\include\libcc\platform\platform.h"><Filter>include\libcc\platform</Filter></ClInclude><ClInclude Include="..\include\libcc\platform\windows\sys_socket.h"><Filter>include\libcc\platform\windows</Filter></ClInclude><ClInclude Include="..\include\libcc\thread\sys_thread.h"><Filter>include\libcc\thread</Filter></ClInclude><ClInclude Include="..\include\libcc\thread\windows\sys_thread.h"><Filter>include\libcc\thread\windows</Filter></ClInclude><ClInclude Include="..\include\libcc\time.h"><Filter>include\libcc</Filter></ClInclude><ClInclude Include="..\include\libcc\types.h"><Filter>include\libcc</Filter></ClInclude><ClInclude Include="..\include\libcc\url.h"><Filter>include\libcc</Filter></ClInclude><ClInclude Include="..\include\libcc\UTF.h"><Filter>include\libcc</Filter></ClInclude><ClInclude Include="..\include\libcc\uuid.h"><Filter>include\libcc</Filter></ClInclude><ClInclude Include="..\include\libcc\cpu.h"><Filter>include\libcc</Filter></ClInclude><ClInclude Include="..\include\libcc\file.h"><Filter>include\libcc</Filter></ClInclude><ClInclude Include="..\include\libcc\version.h"><Filter>include\libcc</Filter></ClInclude><ClInclude Include="..\include\libcc\crypto\aes.h"><Filter>include\libcc\crypto</Filter></ClInclude><ClInclude Include="..\include\libcc\crypto\des.h"><Filter>include\libcc\crypto</Filter></ClInclude><ClInclude Include="..\include\libcc\crypto\base16.h"><Filter>include\libcc\crypto</Filter></ClInclude><ClInclude Include="..\include\libcc\crypto\base58.h"><Filter>include\libcc\crypto</Filter></ClInclude><ClInclude Include="..\include\libcc\crypto\base64.h"><Filter>include\libcc\crypto</Filter></ClInclude><ClInclude Include="..\include\libcc\crypto\md2.h"><Filter>include\libcc\crypto</Filter></ClInclude><ClInclude Include="..\include\libcc\crypto\md4.h"><Filter>include\libcc\crypto</Filter></ClInclude><ClInclude Include="..\include\libcc\crypto\md5.h"><Filter>include\libcc\crypto</Filter></ClInclude><ClInclude Include="..\include\libcc\crypto\hmac.h"><Filter>include\libcc\crypto</Filter></ClInclude><ClInclude Include="..\include\libcc\crypto\sha.h"><Filter>include\libcc\crypto</Filter></ClInclude><ClInclude Include="..\include\libcc\crypto\xxtea.h"><Filter>include\libcc\crypto</Filter></ClInclude><ClInclude Include="..\include\libcc\event.h"><Filter>include\libcc</Filter></ClInclude><ClInclude Include="..\include\libcc\http.h"><Filter>include\libcc</Filter></ClInclude><ClInclude Include="..\include\libcc\ini.h"><Filter>include\libcc</Filter></ClInclude><ClInclude Include="..\include\libcc\json.h"><Filter>include\libcc</Filter></ClInclude><ClInclude Include="..\include\libcc\socks5.h"><Filter>include\libcc</Filter></ClInclude><ClInclude Include="..\include\libcc\sql.h"><Filter>include\libcc</Filter></ClInclude><ClInclude Include="..\include\libcc\timeout.h"><Filter>include\libcc</Filter></ClInclude><ClInclude Include="..\include\libcc\WS.h"><Filter>include\libcc</Filter></ClInclude><ClInclude Include="..\include\libcc\xml.h"><Filter>include\libcc</Filter></ClInclude><ClInclude Include="..\include\libcc\dns.h"><Filter>include\libcc</Filter></ClInclude><ClInclude Include="..\include\libcc\smtp.h"><Filter>include\libcc</Filter></ClInclude><ClInclude Include="..\include\libcc\OpenSSL.h"><Filter>include\libcc</Filter></ClInclude><ClInclude Include="..\include\libcc\gzip.h"><Filter>include\libcc</Filter></ClInclude><ClInclude Include="..\include\libcc\url_request.h"><Filter>include\libcc</Filter></ClInclude><ClInclude Include="..\src\xml\xml.c.h"><Filter>src\xml</Filter></ClInclude><ClInclude Include="..\src\ini\ini.c.h"><Filter>src\ini</Filter></ClInclude><ClInclude Include="..\src\json\json.c.h"><Filter>src\json</Filter></ClInclude><ClInclude Include="..\src\malloc\debug.tracked.c.h"><Filter>src\malloc</Filter></ClInclude><ClInclude Include="..\src\platform\windows\sys_iocp.h"><Filter>src\platform\windows</Filter></ClInclude><ClInclude Include="..\src\event\event.c.h"><Filter>src\event</Filter></ClInclude></ItemGroup></Project>