// !$*UTF8*$!
{
	archiveVersion = 1;
	classes = {
	};
	objectVersion = 50;
	objects = {

/* Begin PBXBuildFile section */
		418AF05929FDF1C400E4C6FB /* libcc.a in Frameworks */ = {isa = PBXBuildFile; fileRef = 418AF05829FDF1C400E4C6FB /* libcc.a */; };
		418C6B7329A84107007D66B9 /* libcrypto.1.1.dylib in Copy Libraries */ = {isa = PBXBuildFile; fileRef = 418C6B7129A84107007D66B9 /* libcrypto.1.1.dylib */; settings = {ATTRIBUTES = (CodeSignOnCopy, ); }; };
		418C6B7429A84107007D66B9 /* libssl.1.1.dylib in Copy Libraries */ = {isa = PBXBuildFile; fileRef = 418C6B7229A84107007D66B9 /* libssl.1.1.dylib */; settings = {ATTRIBUTES = (CodeSignOnCopy, ); }; };
		418E9C1529A4A83E00D4D8B4 /* main.m in Sources */ = {isa = PBXBuildFile; fileRef = 418E9C1429A4A83E00D4D8B4 /* main.m */; };
		418F425A2A87C04400220DD1 /* test.c in Sources */ = {isa = PBXBuildFile; fileRef = 418F42562A87C04400220DD1 /* test.c */; };
		41ADBAC42A1474CC009A85F3 /* libsqlite3.tbd in Frameworks */ = {isa = PBXBuildFile; fileRef = 41ADBAC32A1474CC009A85F3 /* libsqlite3.tbd */; };
		41ADBACD2A1496BA009A85F3 /* libmysqlclient.21.dylib in Frameworks */ = {isa = PBXBuildFile; fileRef = 41D0F66B2A04B85A00D81541 /* libmysqlclient.21.dylib */; };
		41ADBAFD2A14F600009A85F3 /* libmysqlclient.21.dylib in CopyFiles */ = {isa = PBXBuildFile; fileRef = 41D0F66B2A04B85A00D81541 /* libmysqlclient.21.dylib */; };
		41ADBAFE2A14F600009A85F3 /* libcrypto.1.1.dylib in CopyFiles */ = {isa = PBXBuildFile; fileRef = 418C6B7129A84107007D66B9 /* libcrypto.1.1.dylib */; };
		41ADBAFF2A14F600009A85F3 /* libssl.1.1.dylib in CopyFiles */ = {isa = PBXBuildFile; fileRef = 418C6B7229A84107007D66B9 /* libssl.1.1.dylib */; };
		41D4E22529A77ADE00324E17 /* fishhook.h in Headers */ = {isa = PBXBuildFile; fileRef = 41D4E22329A77ADE00324E17 /* fishhook.h */; };
		41D4E22629A77ADE00324E17 /* fishhook.c in Sources */ = {isa = PBXBuildFile; fileRef = 41D4E22429A77ADE00324E17 /* fishhook.c */; };
		41D4E22A29A77B0500324E17 /* main.m in Sources */ = {isa = PBXBuildFile; fileRef = 41D4E22929A77B0500324E17 /* main.m */; };
		41E3A72029FE481400BEFBD6 /* libcc.event.dylib in Frameworks */ = {isa = PBXBuildFile; fileRef = 41E3A71929FE480100BEFBD6 /* libcc.event.dylib */; };
		41E3A74129FE64DD00BEFBD6 /* libcrypto.3.dylib in Frameworks */ = {isa = PBXBuildFile; fileRef = 41E3A73F29FE64DD00BEFBD6 /* libcrypto.3.dylib */; };
		41E3A74229FE64DD00BEFBD6 /* libssl.3.dylib in Frameworks */ = {isa = PBXBuildFile; fileRef = 41E3A74029FE64DD00BEFBD6 /* libssl.3.dylib */; };
		41E3A74F29FF816400BEFBD6 /* libcc.widgets.dylib in Frameworks */ = {isa = PBXBuildFile; fileRef = 41E3A71B29FE480100BEFBD6 /* libcc.widgets.dylib */; };
		41F05EFD29A3969400168B2F /* AppDelegate.m in Sources */ = {isa = PBXBuildFile; fileRef = 41F05EFC29A3969400168B2F /* AppDelegate.m */; };
		41F05F0029A3969400168B2F /* ViewController.m in Sources */ = {isa = PBXBuildFile; fileRef = 41F05EFF29A3969400168B2F /* ViewController.m */; };
		41F05F0229A3969500168B2F /* Assets.xcassets in Resources */ = {isa = PBXBuildFile; fileRef = 41F05F0129A3969500168B2F /* Assets.xcassets */; };
		41F05F0529A3969500168B2F /* Main.storyboard in Resources */ = {isa = PBXBuildFile; fileRef = 41F05F0329A3969500168B2F /* Main.storyboard */; };
		41F05F0829A3969500168B2F /* main.m in Sources */ = {isa = PBXBuildFile; fileRef = 41F05F0729A3969500168B2F /* main.m */; };
		41F05F2629A3999C00168B2F /* web16-light.png in Resources */ = {isa = PBXBuildFile; fileRef = 41F05F2029A3999C00168B2F /* web16-light.png */; };
		41F05F2729A3999C00168B2F /* github.png in Resources */ = {isa = PBXBuildFile; fileRef = 41F05F2129A3999C00168B2F /* github.png */; };
		41F05F2829A3999C00168B2F /* web16-dark.png in Resources */ = {isa = PBXBuildFile; fileRef = 41F05F2229A3999C00168B2F /* web16-dark.png */; };
		41F05F2929A3999C00168B2F /* v-d.png in Resources */ = {isa = PBXBuildFile; fileRef = 41F05F2329A3999C00168B2F /* v-d.png */; };
		41F05F2A29A3999C00168B2F /* v-w.png in Resources */ = {isa = PBXBuildFile; fileRef = 41F05F2429A3999C00168B2F /* v-w.png */; };
		41F05F2B29A3999C00168B2F /* web.png in Resources */ = {isa = PBXBuildFile; fileRef = 41F05F2529A3999C00168B2F /* web.png */; };
		41F05F4129A39B7100168B2F /* PopupViewController.xib in Resources */ = {isa = PBXBuildFile; fileRef = 41F05F3E29A39B7100168B2F /* PopupViewController.xib */; };
		41F05F4229A39B7100168B2F /* PopupViewController.m in Sources */ = {isa = PBXBuildFile; fileRef = 41F05F4029A39B7100168B2F /* PopupViewController.m */; };
		41F05F4829A39D5000168B2F /* BasicsController.m in Sources */ = {isa = PBXBuildFile; fileRef = 41F05F4629A39D5000168B2F /* BasicsController.m */; };
/* End PBXBuildFile section */

/* Begin PBXContainerItemProxy section */
		41E3A71629FE480100BEFBD6 /* PBXContainerItemProxy */ = {
			isa = PBXContainerItemProxy;
			containerPortal = 41E3A71029FE480100BEFBD6 /* cc.xcodeproj */;
			proxyType = 2;
			remoteGlobalIDString = 414B4B562990BEB600F4A7CB;
			remoteInfo = cc;
		};
		41E3A71829FE480100BEFBD6 /* PBXContainerItemProxy */ = {
			isa = PBXContainerItemProxy;
			containerPortal = 41E3A71029FE480100BEFBD6 /* cc.xcodeproj */;
			proxyType = 2;
			remoteGlobalIDString = 41E3A59C29FE402300BEFBD6;
			remoteInfo = cc.event;
		};
		41E3A71A29FE480100BEFBD6 /* PBXContainerItemProxy */ = {
			isa = PBXContainerItemProxy;
			containerPortal = 41E3A71029FE480100BEFBD6 /* cc.xcodeproj */;
			proxyType = 2;
			remoteGlobalIDString = 41E3A5CB29FE40D800BEFBD6;
			remoteInfo = cc.widgets;
		};
/* End PBXContainerItemProxy section */

/* Begin PBXCopyFilesBuildPhase section */
		418AEFC329FDEC8300E4C6FB /* Embed Libraries */ = {
			isa = PBXCopyFilesBuildPhase;
			buildActionMask = 2147483647;
			dstPath = "";
			dstSubfolderSpec = 10;
			files = (
			);
			name = "Embed Libraries";
			runOnlyForDeploymentPostprocessing = 0;
		};
		418E9C1029A4A83E00D4D8B4 /* CopyFiles */ = {
			isa = PBXCopyFilesBuildPhase;
			buildActionMask = 12;
			dstPath = "";
			dstSubfolderSpec = 16;
			files = (
				41ADBAFD2A14F600009A85F3 /* libmysqlclient.21.dylib in CopyFiles */,
				41ADBAFE2A14F600009A85F3 /* libcrypto.1.1.dylib in CopyFiles */,
				41ADBAFF2A14F600009A85F3 /* libssl.1.1.dylib in CopyFiles */,
			);
			runOnlyForDeploymentPostprocessing = 0;
		};
		41B4AD5329A44D9100406FE1 /* Copy Libraries */ = {
			isa = PBXCopyFilesBuildPhase;
			buildActionMask = 2147483647;
			dstPath = "";
			dstSubfolderSpec = 10;
			files = (
				418C6B7329A84107007D66B9 /* libcrypto.1.1.dylib in Copy Libraries */,
				418C6B7429A84107007D66B9 /* libssl.1.1.dylib in Copy Libraries */,
			);
			name = "Copy Libraries";
			runOnlyForDeploymentPostprocessing = 0;
		};
/* End PBXCopyFilesBuildPhase section */

/* Begin PBXFileReference section */
		418AF05829FDF1C400E4C6FB /* libcc.a */ = {isa = PBXFileReference; explicitFileType = archive.ar; path = libcc.a; sourceTree = BUILT_PRODUCTS_DIR; };
		418C6B7129A84107007D66B9 /* libcrypto.1.1.dylib */ = {isa = PBXFileReference; lastKnownFileType = "compiled.mach-o.dylib"; path = libcrypto.1.1.dylib; sourceTree = "<group>"; };
		418C6B7229A84107007D66B9 /* libssl.1.1.dylib */ = {isa = PBXFileReference; lastKnownFileType = "compiled.mach-o.dylib"; path = libssl.1.1.dylib; sourceTree = "<group>"; };
		418E9C1229A4A83E00D4D8B4 /* console */ = {isa = PBXFileReference; explicitFileType = "compiled.mach-o.executable"; includeInIndex = 0; path = console; sourceTree = BUILT_PRODUCTS_DIR; };
		418E9C1429A4A83E00D4D8B4 /* main.m */ = {isa = PBXFileReference; lastKnownFileType = sourcecode.c.objc; path = main.m; sourceTree = "<group>"; };
		418F42562A87C04400220DD1 /* test.c */ = {isa = PBXFileReference; fileEncoding = 4; lastKnownFileType = sourcecode.c.c; name = test.c; path = ../../examples/test.c; sourceTree = "<group>"; };
		41ADBAC32A1474CC009A85F3 /* libsqlite3.tbd */ = {isa = PBXFileReference; lastKnownFileType = "sourcecode.text-based-dylib-definition"; name = libsqlite3.tbd; path = usr/lib/libsqlite3.tbd; sourceTree = SDKROOT; };
		41D0F66B2A04B85A00D81541 /* libmysqlclient.21.dylib */ = {isa = PBXFileReference; lastKnownFileType = "compiled.mach-o.dylib"; path = libmysqlclient.21.dylib; sourceTree = "<group>"; };
		41D4E21B29A77A9C00324E17 /* libhook.dylib */ = {isa = PBXFileReference; explicitFileType = "compiled.mach-o.dylib"; includeInIndex = 0; path = libhook.dylib; sourceTree = BUILT_PRODUCTS_DIR; };
		41D4E22329A77ADE00324E17 /* fishhook.h */ = {isa = PBXFileReference; fileEncoding = 4; lastKnownFileType = sourcecode.c.h; path = fishhook.h; sourceTree = "<group>"; };
		41D4E22429A77ADE00324E17 /* fishhook.c */ = {isa = PBXFileReference; fileEncoding = 4; lastKnownFileType = sourcecode.c.c; path = fishhook.c; sourceTree = "<group>"; };
		41D4E22929A77B0500324E17 /* main.m */ = {isa = PBXFileReference; lastKnownFileType = sourcecode.c.objc; path = main.m; sourceTree = "<group>"; };
		41E3A58A29FDF4C900BEFBD6 /* console.entitlements */ = {isa = PBXFileReference; lastKnownFileType = text.plist.entitlements; path = console.entitlements; sourceTree = "<group>"; };
		41E3A71029FE480100BEFBD6 /* cc.xcodeproj */ = {isa = PBXFileReference; lastKnownFileType = "wrapper.pb-project"; path = cc.xcodeproj; sourceTree = "<group>"; };
		41E3A73F29FE64DD00BEFBD6 /* libcrypto.3.dylib */ = {isa = PBXFileReference; lastKnownFileType = "compiled.mach-o.dylib"; path = libcrypto.3.dylib; sourceTree = "<group>"; };
		41E3A74029FE64DD00BEFBD6 /* libssl.3.dylib */ = {isa = PBXFileReference; lastKnownFileType = "compiled.mach-o.dylib"; path = libssl.3.dylib; sourceTree = "<group>"; };
		41F05EF829A3969400168B2F /* test.app */ = {isa = PBXFileReference; explicitFileType = wrapper.application; includeInIndex = 0; path = test.app; sourceTree = BUILT_PRODUCTS_DIR; };
		41F05EFB29A3969400168B2F /* AppDelegate.h */ = {isa = PBXFileReference; lastKnownFileType = sourcecode.c.h; path = AppDelegate.h; sourceTree = "<group>"; };
		41F05EFC29A3969400168B2F /* AppDelegate.m */ = {isa = PBXFileReference; lastKnownFileType = sourcecode.c.objc; path = AppDelegate.m; sourceTree = "<group>"; };
		41F05EFE29A3969400168B2F /* ViewController.h */ = {isa = PBXFileReference; lastKnownFileType = sourcecode.c.h; path = ViewController.h; sourceTree = "<group>"; };
		41F05EFF29A3969400168B2F /* ViewController.m */ = {isa = PBXFileReference; lastKnownFileType = sourcecode.c.objc; path = ViewController.m; sourceTree = "<group>"; };
		41F05F0129A3969500168B2F /* Assets.xcassets */ = {isa = PBXFileReference; lastKnownFileType = folder.assetcatalog; path = Assets.xcassets; sourceTree = "<group>"; };
		41F05F0429A3969500168B2F /* Base */ = {isa = PBXFileReference; lastKnownFileType = file.storyboard; name = Base; path = Base.lproj/Main.storyboard; sourceTree = "<group>"; };
		41F05F0629A3969500168B2F /* Info.plist */ = {isa = PBXFileReference; lastKnownFileType = text.plist.xml; path = Info.plist; sourceTree = "<group>"; };
		41F05F0729A3969500168B2F /* main.m */ = {isa = PBXFileReference; lastKnownFileType = sourcecode.c.objc; path = main.m; sourceTree = "<group>"; };
		41F05F0929A3969500168B2F /* test.entitlements */ = {isa = PBXFileReference; lastKnownFileType = text.plist.entitlements; path = test.entitlements; sourceTree = "<group>"; };
		41F05F2029A3999C00168B2F /* web16-light.png */ = {isa = PBXFileReference; lastKnownFileType = image.png; path = "web16-light.png"; sourceTree = "<group>"; };
		41F05F2129A3999C00168B2F /* github.png */ = {isa = PBXFileReference; lastKnownFileType = image.png; path = github.png; sourceTree = "<group>"; };
		41F05F2229A3999C00168B2F /* web16-dark.png */ = {isa = PBXFileReference; lastKnownFileType = image.png; path = "web16-dark.png"; sourceTree = "<group>"; };
		41F05F2329A3999C00168B2F /* v-d.png */ = {isa = PBXFileReference; lastKnownFileType = image.png; path = "v-d.png"; sourceTree = "<group>"; };
		41F05F2429A3999C00168B2F /* v-w.png */ = {isa = PBXFileReference; lastKnownFileType = image.png; path = "v-w.png"; sourceTree = "<group>"; };
		41F05F2529A3999C00168B2F /* web.png */ = {isa = PBXFileReference; lastKnownFileType = image.png; path = web.png; sourceTree = "<group>"; };
		41F05F3E29A39B7100168B2F /* PopupViewController.xib */ = {isa = PBXFileReference; fileEncoding = 4; lastKnownFileType = file.xib; path = PopupViewController.xib; sourceTree = "<group>"; };
		41F05F3F29A39B7100168B2F /* PopupViewController.h */ = {isa = PBXFileReference; fileEncoding = 4; lastKnownFileType = sourcecode.c.h; path = PopupViewController.h; sourceTree = "<group>"; };
		41F05F4029A39B7100168B2F /* PopupViewController.m */ = {isa = PBXFileReference; fileEncoding = 4; lastKnownFileType = sourcecode.c.objc; path = PopupViewController.m; sourceTree = "<group>"; };
		41F05F4629A39D5000168B2F /* BasicsController.m */ = {isa = PBXFileReference; fileEncoding = 4; lastKnownFileType = sourcecode.c.objc; path = BasicsController.m; sourceTree = "<group>"; };
		41F05F4729A39D5000168B2F /* BasicsController.h */ = {isa = PBXFileReference; fileEncoding = 4; lastKnownFileType = sourcecode.c.h; path = BasicsController.h; sourceTree = "<group>"; };
/* End PBXFileReference section */

/* Begin PBXFrameworksBuildPhase section */
		418E9C0F29A4A83E00D4D8B4 /* Frameworks */ = {
			isa = PBXFrameworksBuildPhase;
			buildActionMask = 2147483647;
			files = (
				41ADBACD2A1496BA009A85F3 /* libmysqlclient.21.dylib in Frameworks */,
				41ADBAC42A1474CC009A85F3 /* libsqlite3.tbd in Frameworks */,
				41E3A74F29FF816400BEFBD6 /* libcc.widgets.dylib in Frameworks */,
				41E3A74129FE64DD00BEFBD6 /* libcrypto.3.dylib in Frameworks */,
				41E3A74229FE64DD00BEFBD6 /* libssl.3.dylib in Frameworks */,
				41E3A72029FE481400BEFBD6 /* libcc.event.dylib in Frameworks */,
				418AF05929FDF1C400E4C6FB /* libcc.a in Frameworks */,
			);
			runOnlyForDeploymentPostprocessing = 0;
		};
		41D4E21929A77A9C00324E17 /* Frameworks */ = {
			isa = PBXFrameworksBuildPhase;
			buildActionMask = 2147483647;
			files = (
			);
			runOnlyForDeploymentPostprocessing = 0;
		};
		41F05EF529A3969400168B2F /* Frameworks */ = {
			isa = PBXFrameworksBuildPhase;
			buildActionMask = 2147483647;
			files = (
			);
			runOnlyForDeploymentPostprocessing = 0;
		};
/* End PBXFrameworksBuildPhase section */

/* Begin PBXGroup section */
		418E9C1329A4A83E00D4D8B4 /* console */ = {
			isa = PBXGroup;
			children = (
				418F42562A87C04400220DD1 /* test.c */,
				41E3A58A29FDF4C900BEFBD6 /* console.entitlements */,
				418E9C1429A4A83E00D4D8B4 /* main.m */,
			);
			path = console;
			sourceTree = "<group>";
		};
		41D4E22229A77AC200324E17 /* hook */ = {
			isa = PBXGroup;
			children = (
				41D4E22429A77ADE00324E17 /* fishhook.c */,
				41D4E22329A77ADE00324E17 /* fishhook.h */,
				41D4E22929A77B0500324E17 /* main.m */,
			);
			path = hook;
			sourceTree = "<group>";
		};
		41E3A71129FE480100BEFBD6 /* Products */ = {
			isa = PBXGroup;
			children = (
				41E3A71729FE480100BEFBD6 /* libcc.a */,
				41E3A71929FE480100BEFBD6 /* libcc.event.dylib */,
				41E3A71B29FE480100BEFBD6 /* libcc.widgets.dylib */,
			);
			name = Products;
			sourceTree = "<group>";
		};
		41F05EEF29A3969400168B2F = {
			isa = PBXGroup;
			children = (
				41E3A71029FE480100BEFBD6 /* cc.xcodeproj */,
				41F05EFA29A3969400168B2F /* test */,
				41D4E22229A77AC200324E17 /* hook */,
				418E9C1329A4A83E00D4D8B4 /* console */,
				41F05EF929A3969400168B2F /* Products */,
				41F05F6D29A3A2C700168B2F /* Frameworks */,
			);
			sourceTree = "<group>";
		};
		41F05EF929A3969400168B2F /* Products */ = {
			isa = PBXGroup;
			children = (
				41F05EF829A3969400168B2F /* test.app */,
				418E9C1229A4A83E00D4D8B4 /* console */,
				41D4E21B29A77A9C00324E17 /* libhook.dylib */,
			);
			name = Products;
			sourceTree = "<group>";
		};
		41F05EFA29A3969400168B2F /* test */ = {
			isa = PBXGroup;
			children = (
				41F05F4729A39D5000168B2F /* BasicsController.h */,
				41F05F4629A39D5000168B2F /* BasicsController.m */,
				41F05F3F29A39B7100168B2F /* PopupViewController.h */,
				41F05F4029A39B7100168B2F /* PopupViewController.m */,
				41F05F3E29A39B7100168B2F /* PopupViewController.xib */,
				41F05F1F29A3999C00168B2F /* Images */,
				41F05EFB29A3969400168B2F /* AppDelegate.h */,
				41F05EFC29A3969400168B2F /* AppDelegate.m */,
				41F05EFE29A3969400168B2F /* ViewController.h */,
				41F05EFF29A3969400168B2F /* ViewController.m */,
				41F05F0129A3969500168B2F /* Assets.xcassets */,
				41F05F0329A3969500168B2F /* Main.storyboard */,
				41F05F0629A3969500168B2F /* Info.plist */,
				41F05F0729A3969500168B2F /* main.m */,
				41F05F0929A3969500168B2F /* test.entitlements */,
			);
			path = test;
			sourceTree = "<group>";
		};
		41F05F1F29A3999C00168B2F /* Images */ = {
			isa = PBXGroup;
			children = (
				41F05F2029A3999C00168B2F /* web16-light.png */,
				41F05F2129A3999C00168B2F /* github.png */,
				41F05F2229A3999C00168B2F /* web16-dark.png */,
				41F05F2329A3999C00168B2F /* v-d.png */,
				41F05F2429A3999C00168B2F /* v-w.png */,
				41F05F2529A3999C00168B2F /* web.png */,
			);
			path = Images;
			sourceTree = "<group>";
		};
		41F05F6D29A3A2C700168B2F /* Frameworks */ = {
			isa = PBXGroup;
			children = (
				41ADBAC32A1474CC009A85F3 /* libsqlite3.tbd */,
				41D0F66B2A04B85A00D81541 /* libmysqlclient.21.dylib */,
				41E3A73F29FE64DD00BEFBD6 /* libcrypto.3.dylib */,
				41E3A74029FE64DD00BEFBD6 /* libssl.3.dylib */,
				418AF05829FDF1C400E4C6FB /* libcc.a */,
				418C6B7129A84107007D66B9 /* libcrypto.1.1.dylib */,
				418C6B7229A84107007D66B9 /* libssl.1.1.dylib */,
			);
			name = Frameworks;
			sourceTree = "<group>";
		};
/* End PBXGroup section */

/* Begin PBXHeadersBuildPhase section */
		41D4E21729A77A9C00324E17 /* Headers */ = {
			isa = PBXHeadersBuildPhase;
			buildActionMask = 2147483647;
			files = (
				41D4E22529A77ADE00324E17 /* fishhook.h in Headers */,
			);
			runOnlyForDeploymentPostprocessing = 0;
		};
/* End PBXHeadersBuildPhase section */

/* Begin PBXNativeTarget section */
		418E9C1129A4A83E00D4D8B4 /* console */ = {
			isa = PBXNativeTarget;
			buildConfigurationList = 418E9C1929A4A83E00D4D8B4 /* Build configuration list for PBXNativeTarget "console" */;
			buildPhases = (
				418E9C0E29A4A83E00D4D8B4 /* Sources */,
				418E9C0F29A4A83E00D4D8B4 /* Frameworks */,
				418E9C1029A4A83E00D4D8B4 /* CopyFiles */,
				418C6B3729A833B8007D66B9 /* ShellScript */,
				418AEFC329FDEC8300E4C6FB /* Embed Libraries */,
			);
			buildRules = (
			);
			dependencies = (
			);
			name = console;
			productName = console;
			productReference = 418E9C1229A4A83E00D4D8B4 /* console */;
			productType = "com.apple.product-type.tool";
		};
		41D4E21A29A77A9C00324E17 /* hook */ = {
			isa = PBXNativeTarget;
			buildConfigurationList = 41D4E21F29A77A9C00324E17 /* Build configuration list for PBXNativeTarget "hook" */;
			buildPhases = (
				41D4E21729A77A9C00324E17 /* Headers */,
				41D4E21829A77A9C00324E17 /* Sources */,
				41D4E21929A77A9C00324E17 /* Frameworks */,
			);
			buildRules = (
			);
			dependencies = (
			);
			name = hook;
			productName = hook;
			productReference = 41D4E21B29A77A9C00324E17 /* libhook.dylib */;
			productType = "com.apple.product-type.library.dynamic";
		};
		41F05EF729A3969400168B2F /* test */ = {
			isa = PBXNativeTarget;
			buildConfigurationList = 41F05F0C29A3969500168B2F /* Build configuration list for PBXNativeTarget "test" */;
			buildPhases = (
				41F05EF429A3969400168B2F /* Sources */,
				41F05EF529A3969400168B2F /* Frameworks */,
				41F05EF629A3969400168B2F /* Resources */,
				41B4AD5329A44D9100406FE1 /* Copy Libraries */,
				41B4AD6429A45BD000406FE1 /* ShellScript */,
			);
			buildRules = (
			);
			dependencies = (
			);
			name = test;
			productName = test;
			productReference = 41F05EF829A3969400168B2F /* test.app */;
			productType = "com.apple.product-type.application";
		};
/* End PBXNativeTarget section */

/* Begin PBXProject section */
		41F05EF029A3969400168B2F /* Project object */ = {
			isa = PBXProject;
			attributes = {
				LastUpgradeCheck = 1200;
				TargetAttributes = {
					418E9C1129A4A83E00D4D8B4 = {
						CreatedOnToolsVersion = 12.0.1;
					};
					41D4E21A29A77A9C00324E17 = {
						CreatedOnToolsVersion = 12.0.1;
					};
					41F05EF729A3969400168B2F = {
						CreatedOnToolsVersion = 12.0.1;
					};
				};
			};
			buildConfigurationList = 41F05EF329A3969400168B2F /* Build configuration list for PBXProject "test" */;
			compatibilityVersion = "Xcode 9.3";
			developmentRegion = en;
			hasScannedForEncodings = 0;
			knownRegions = (
				en,
				Base,
			);
			mainGroup = 41F05EEF29A3969400168B2F;
			productRefGroup = 41F05EF929A3969400168B2F /* Products */;
			projectDirPath = "";
			projectReferences = (
				{
					ProductGroup = 41E3A71129FE480100BEFBD6 /* Products */;
					ProjectRef = 41E3A71029FE480100BEFBD6 /* cc.xcodeproj */;
				},
			);
			projectRoot = "";
			targets = (
				41F05EF729A3969400168B2F /* test */,
				418E9C1129A4A83E00D4D8B4 /* console */,
				41D4E21A29A77A9C00324E17 /* hook */,
			);
		};
/* End PBXProject section */

/* Begin PBXReferenceProxy section */
		41E3A71729FE480100BEFBD6 /* libcc.a */ = {
			isa = PBXReferenceProxy;
			fileType = archive.ar;
			path = libcc.a;
			remoteRef = 41E3A71629FE480100BEFBD6 /* PBXContainerItemProxy */;
			sourceTree = BUILT_PRODUCTS_DIR;
		};
		41E3A71929FE480100BEFBD6 /* libcc.event.dylib */ = {
			isa = PBXReferenceProxy;
			fileType = "compiled.mach-o.dylib";
			path = libcc.event.dylib;
			remoteRef = 41E3A71829FE480100BEFBD6 /* PBXContainerItemProxy */;
			sourceTree = BUILT_PRODUCTS_DIR;
		};
		41E3A71B29FE480100BEFBD6 /* libcc.widgets.dylib */ = {
			isa = PBXReferenceProxy;
			fileType = "compiled.mach-o.dylib";
			path = libcc.widgets.dylib;
			remoteRef = 41E3A71A29FE480100BEFBD6 /* PBXContainerItemProxy */;
			sourceTree = BUILT_PRODUCTS_DIR;
		};
/* End PBXReferenceProxy section */

/* Begin PBXResourcesBuildPhase section */
		41F05EF629A3969400168B2F /* Resources */ = {
			isa = PBXResourcesBuildPhase;
			buildActionMask = 2147483647;
			files = (
				41F05F2B29A3999C00168B2F /* web.png in Resources */,
				41F05F2729A3999C00168B2F /* github.png in Resources */,
				41F05F4129A39B7100168B2F /* PopupViewController.xib in Resources */,
				41F05F0229A3969500168B2F /* Assets.xcassets in Resources */,
				41F05F0529A3969500168B2F /* Main.storyboard in Resources */,
				41F05F2929A3999C00168B2F /* v-d.png in Resources */,
				41F05F2A29A3999C00168B2F /* v-w.png in Resources */,
				41F05F2629A3999C00168B2F /* web16-light.png in Resources */,
				41F05F2829A3999C00168B2F /* web16-dark.png in Resources */,
			);
			runOnlyForDeploymentPostprocessing = 0;
		};
/* End PBXResourcesBuildPhase section */

/* Begin PBXShellScriptBuildPhase section */
		418C6B3729A833B8007D66B9 /* ShellScript */ = {
			isa = PBXShellScriptBuildPhase;
			buildActionMask = 2147483647;
			files = (
			);
			inputFileListPaths = (
			);
			inputPaths = (
			);
			outputFileListPaths = (
			);
			outputPaths = (
			);
			runOnlyForDeploymentPostprocessing = 0;
			shellPath = /bin/sh;
			shellScript = "# Type a script or drag a script file from your workspace to insert its path.\n#Copy Files ... replace to cp -r xxx.dylib\nUNIX_TARGET=$TARGET_BUILD_DIR/$PRODUCT_NAME\n#改变dylib的引用地址，防止library/framewokr not found\ninstall_name_tool -change \"/usr/local/lib/libcc.widgets.dylib\" \"@executable_path/libcc.widgets.dylib\" \"$UNIX_TARGET\"\necho \"finish install_name_tool target $UNIX_TARGET\"\n";
		};
		41B4AD6429A45BD000406FE1 /* ShellScript */ = {
			isa = PBXShellScriptBuildPhase;
			buildActionMask = 2147483647;
			files = (
			);
			inputFileListPaths = (
			);
			inputPaths = (
			);
			outputFileListPaths = (
			);
			outputPaths = (
			);
			runOnlyForDeploymentPostprocessing = 0;
			shellPath = /bin/sh;
			shellScript = "# Type a script or drag a script file from your workspace to insert its path.\n# Type a script or drag a script file from your workspace to insert its path.\n#Copy Files ... replace to cp -r xxx.dylib\nUNIX_TARGET=$TARGET_BUILD_DIR/$PRODUCT_NAME.app/Contents/MacOS/$PRODUCT_NAME\ninstall_name_tool -change \"/usr/local/lib/libwidgets.dylib\" \"@rpath/libwidgets.dylib\" \"$UNIX_TARGET\"\necho \"finish install_name_tool target $UNIX_TARGET\"\n";
		};
/* End PBXShellScriptBuildPhase section */

/* Begin PBXSourcesBuildPhase section */
		418E9C0E29A4A83E00D4D8B4 /* Sources */ = {
			isa = PBXSourcesBuildPhase;
			buildActionMask = 2147483647;
			files = (
				418E9C1529A4A83E00D4D8B4 /* main.m in Sources */,
				418F425A2A87C04400220DD1 /* test.c in Sources */,
			);
			runOnlyForDeploymentPostprocessing = 0;
		};
		41D4E21829A77A9C00324E17 /* Sources */ = {
			isa = PBXSourcesBuildPhase;
			buildActionMask = 2147483647;
			files = (
				41D4E22A29A77B0500324E17 /* main.m in Sources */,
				41D4E22629A77ADE00324E17 /* fishhook.c in Sources */,
			);
			runOnlyForDeploymentPostprocessing = 0;
		};
		41F05EF429A3969400168B2F /* Sources */ = {
			isa = PBXSourcesBuildPhase;
			buildActionMask = 2147483647;
			files = (
				41F05F0029A3969400168B2F /* ViewController.m in Sources */,
				41F05F0829A3969500168B2F /* main.m in Sources */,
				41F05EFD29A3969400168B2F /* AppDelegate.m in Sources */,
				41F05F4829A39D5000168B2F /* BasicsController.m in Sources */,
				41F05F4229A39B7100168B2F /* PopupViewController.m in Sources */,
			);
			runOnlyForDeploymentPostprocessing = 0;
		};
/* End PBXSourcesBuildPhase section */

/* Begin PBXVariantGroup section */
		41F05F0329A3969500168B2F /* Main.storyboard */ = {
			isa = PBXVariantGroup;
			children = (
				41F05F0429A3969500168B2F /* Base */,
			);
			name = Main.storyboard;
			sourceTree = "<group>";
		};
/* End PBXVariantGroup section */

/* Begin XCBuildConfiguration section */
		418E9C1629A4A83E00D4D8B4 /* Debug */ = {
			isa = XCBuildConfiguration;
			buildSettings = {
				CODE_SIGN_ENTITLEMENTS = console/console.entitlements;
				CODE_SIGN_IDENTITY = "Apple Development";
				CODE_SIGN_STYLE = Automatic;
				DEVELOPMENT_TEAM = 8X9J3P3289;
				ENABLE_HARDENED_RUNTIME = YES;
				HEADER_SEARCH_PATHS = (
					../include,
					"../../third-party/",
				);
				LIBRARY_SEARCH_PATHS = (
					"$(inherited)",
					"$(PROJECT_DIR)",
				);
				PRODUCT_BUNDLE_IDENTIFIER = org.libcc.test;
				PRODUCT_NAME = "$(TARGET_NAME)";
			};
			name = Debug;
		};
		418E9C1729A4A83E00D4D8B4 /* Release */ = {
			isa = XCBuildConfiguration;
			buildSettings = {
				CODE_SIGN_ENTITLEMENTS = console/console.entitlements;
				CODE_SIGN_IDENTITY = "Apple Development";
				CODE_SIGN_STYLE = Automatic;
				DEVELOPMENT_TEAM = 8X9J3P3289;
				ENABLE_HARDENED_RUNTIME = YES;
				HEADER_SEARCH_PATHS = (
					../include,
					"../../third-party/",
				);
				LIBRARY_SEARCH_PATHS = (
					"$(inherited)",
					"$(PROJECT_DIR)",
				);
				PRODUCT_BUNDLE_IDENTIFIER = org.libcc.test;
				PRODUCT_NAME = "$(TARGET_NAME)";
			};
			name = Release;
		};
		41D4E21C29A77A9C00324E17 /* Debug */ = {
			isa = XCBuildConfiguration;
			buildSettings = {
				CODE_SIGN_STYLE = Automatic;
				DEVELOPMENT_TEAM = 7JGVR86J5Y;
				DYLIB_COMPATIBILITY_VERSION = 1;
				DYLIB_CURRENT_VERSION = 1;
				EXECUTABLE_PREFIX = lib;
				PRODUCT_NAME = "$(TARGET_NAME)";
				SKIP_INSTALL = YES;
			};
			name = Debug;
		};
		41D4E21D29A77A9C00324E17 /* Release */ = {
			isa = XCBuildConfiguration;
			buildSettings = {
				CODE_SIGN_STYLE = Automatic;
				DEVELOPMENT_TEAM = 7JGVR86J5Y;
				DYLIB_COMPATIBILITY_VERSION = 1;
				DYLIB_CURRENT_VERSION = 1;
				EXECUTABLE_PREFIX = lib;
				PRODUCT_NAME = "$(TARGET_NAME)";
				SKIP_INSTALL = YES;
			};
			name = Release;
		};
		41F05F0A29A3969500168B2F /* Debug */ = {
			isa = XCBuildConfiguration;
			buildSettings = {
				ALWAYS_SEARCH_USER_PATHS = NO;
				CLANG_ANALYZER_NONNULL = YES;
				CLANG_ANALYZER_NUMBER_OBJECT_CONVERSION = YES_AGGRESSIVE;
				CLANG_CXX_LANGUAGE_STANDARD = "gnu++14";
				CLANG_CXX_LIBRARY = "libc++";
				CLANG_ENABLE_MODULES = YES;
				CLANG_ENABLE_OBJC_ARC = YES;
				CLANG_ENABLE_OBJC_WEAK = YES;
				CLANG_WARN_BLOCK_CAPTURE_AUTORELEASING = YES;
				CLANG_WARN_BOOL_CONVERSION = YES;
				CLANG_WARN_COMMA = YES;
				CLANG_WARN_CONSTANT_CONVERSION = YES;
				CLANG_WARN_DEPRECATED_OBJC_IMPLEMENTATIONS = YES;
				CLANG_WARN_DIRECT_OBJC_ISA_USAGE = YES_ERROR;
				CLANG_WARN_DOCUMENTATION_COMMENTS = YES;
				CLANG_WARN_EMPTY_BODY = YES;
				CLANG_WARN_ENUM_CONVERSION = YES;
				CLANG_WARN_INFINITE_RECURSION = YES;
				CLANG_WARN_INT_CONVERSION = YES;
				CLANG_WARN_NON_LITERAL_NULL_CONVERSION = YES;
				CLANG_WARN_OBJC_IMPLICIT_RETAIN_SELF = YES;
				CLANG_WARN_OBJC_LITERAL_CONVERSION = YES;
				CLANG_WARN_OBJC_ROOT_CLASS = YES_ERROR;
				CLANG_WARN_QUOTED_INCLUDE_IN_FRAMEWORK_HEADER = YES;
				CLANG_WARN_RANGE_LOOP_ANALYSIS = YES;
				CLANG_WARN_STRICT_PROTOTYPES = YES;
				CLANG_WARN_SUSPICIOUS_MOVE = YES;
				CLANG_WARN_UNGUARDED_AVAILABILITY = YES_AGGRESSIVE;
				CLANG_WARN_UNREACHABLE_CODE = YES;
				CLANG_WARN__DUPLICATE_METHOD_MATCH = YES;
				COPY_PHASE_STRIP = NO;
				DEBUG_INFORMATION_FORMAT = dwarf;
				ENABLE_STRICT_OBJC_MSGSEND = YES;
				ENABLE_TESTABILITY = YES;
				FRAMEWORK_SEARCH_PATHS = ../lib;
				GCC_C_LANGUAGE_STANDARD = gnu11;
				GCC_DYNAMIC_NO_PIC = NO;
				GCC_NO_COMMON_BLOCKS = YES;
				GCC_OPTIMIZATION_LEVEL = 0;
				GCC_PREPROCESSOR_DEFINITIONS = (
					"DEBUG=1",
					"$(inherited)",
				);
				GCC_WARN_64_TO_32_BIT_CONVERSION = YES;
				GCC_WARN_ABOUT_RETURN_TYPE = YES_ERROR;
				GCC_WARN_UNDECLARED_SELECTOR = YES;
				GCC_WARN_UNINITIALIZED_AUTOS = YES_AGGRESSIVE;
				GCC_WARN_UNUSED_FUNCTION = YES;
				GCC_WARN_UNUSED_VARIABLE = YES;
				HEADER_SEARCH_PATHS = ../include;
				MACOSX_DEPLOYMENT_TARGET = 10.15;
				MTL_ENABLE_DEBUG_INFO = INCLUDE_SOURCE;
				MTL_FAST_MATH = YES;
				ONLY_ACTIVE_ARCH = YES;
				SDKROOT = macosx;
			};
			name = Debug;
		};
		41F05F0B29A3969500168B2F /* Release */ = {
			isa = XCBuildConfiguration;
			buildSettings = {
				ALWAYS_SEARCH_USER_PATHS = NO;
				CLANG_ANALYZER_NONNULL = YES;
				CLANG_ANALYZER_NUMBER_OBJECT_CONVERSION = YES_AGGRESSIVE;
				CLANG_CXX_LANGUAGE_STANDARD = "gnu++14";
				CLANG_CXX_LIBRARY = "libc++";
				CLANG_ENABLE_MODULES = YES;
				CLANG_ENABLE_OBJC_ARC = YES;
				CLANG_ENABLE_OBJC_WEAK = YES;
				CLANG_WARN_BLOCK_CAPTURE_AUTORELEASING = YES;
				CLANG_WARN_BOOL_CONVERSION = YES;
				CLANG_WARN_COMMA = YES;
				CLANG_WARN_CONSTANT_CONVERSION = YES;
				CLANG_WARN_DEPRECATED_OBJC_IMPLEMENTATIONS = YES;
				CLANG_WARN_DIRECT_OBJC_ISA_USAGE = YES_ERROR;
				CLANG_WARN_DOCUMENTATION_COMMENTS = YES;
				CLANG_WARN_EMPTY_BODY = YES;
				CLANG_WARN_ENUM_CONVERSION = YES;
				CLANG_WARN_INFINITE_RECURSION = YES;
				CLANG_WARN_INT_CONVERSION = YES;
				CLANG_WARN_NON_LITERAL_NULL_CONVERSION = YES;
				CLANG_WARN_OBJC_IMPLICIT_RETAIN_SELF = YES;
				CLANG_WARN_OBJC_LITERAL_CONVERSION = YES;
				CLANG_WARN_OBJC_ROOT_CLASS = YES_ERROR;
				CLANG_WARN_QUOTED_INCLUDE_IN_FRAMEWORK_HEADER = YES;
				CLANG_WARN_RANGE_LOOP_ANALYSIS = YES;
				CLANG_WARN_STRICT_PROTOTYPES = YES;
				CLANG_WARN_SUSPICIOUS_MOVE = YES;
				CLANG_WARN_UNGUARDED_AVAILABILITY = YES_AGGRESSIVE;
				CLANG_WARN_UNREACHABLE_CODE = YES;
				CLANG_WARN__DUPLICATE_METHOD_MATCH = YES;
				COPY_PHASE_STRIP = NO;
				DEBUG_INFORMATION_FORMAT = "dwarf-with-dsym";
				ENABLE_NS_ASSERTIONS = NO;
				ENABLE_STRICT_OBJC_MSGSEND = YES;
				FRAMEWORK_SEARCH_PATHS = ../lib;
				GCC_C_LANGUAGE_STANDARD = gnu11;
				GCC_NO_COMMON_BLOCKS = YES;
				GCC_WARN_64_TO_32_BIT_CONVERSION = YES;
				GCC_WARN_ABOUT_RETURN_TYPE = YES_ERROR;
				GCC_WARN_UNDECLARED_SELECTOR = YES;
				GCC_WARN_UNINITIALIZED_AUTOS = YES_AGGRESSIVE;
				GCC_WARN_UNUSED_FUNCTION = YES;
				GCC_WARN_UNUSED_VARIABLE = YES;
				HEADER_SEARCH_PATHS = ../include;
				MACOSX_DEPLOYMENT_TARGET = 10.15;
				MTL_ENABLE_DEBUG_INFO = NO;
				MTL_FAST_MATH = YES;
				SDKROOT = macosx;
			};
			name = Release;
		};
		41F05F0D29A3969500168B2F /* Debug */ = {
			isa = XCBuildConfiguration;
			buildSettings = {
				ASSETCATALOG_COMPILER_APPICON_NAME = AppIcon;
				ASSETCATALOG_COMPILER_GLOBAL_ACCENT_COLOR_NAME = AccentColor;
				CODE_SIGN_ENTITLEMENTS = test/test.entitlements;
				CODE_SIGN_IDENTITY = "Apple Development";
				CODE_SIGN_STYLE = Automatic;
				COMBINE_HIDPI_IMAGES = YES;
				DEVELOPMENT_TEAM = 8X9J3P3289;
				ENABLE_HARDENED_RUNTIME = YES;
				HEADER_SEARCH_PATHS = ../include;
				INFOPLIST_FILE = test/Info.plist;
				LD_RUNPATH_SEARCH_PATHS = (
					"$(inherited)",
					"@executable_path/../Frameworks",
				);
				LIBRARY_SEARCH_PATHS = (
					"$(inherited)",
					"$(PROJECT_DIR)",
					../bin,
				);
				PRODUCT_BUNDLE_IDENTIFIER = org.libcc.test;
				PRODUCT_NAME = "$(TARGET_NAME)";
			};
			name = Debug;
		};
		41F05F0E29A3969500168B2F /* Release */ = {
			isa = XCBuildConfiguration;
			buildSettings = {
				ASSETCATALOG_COMPILER_APPICON_NAME = AppIcon;
				ASSETCATALOG_COMPILER_GLOBAL_ACCENT_COLOR_NAME = AccentColor;
				CODE_SIGN_ENTITLEMENTS = test/test.entitlements;
				CODE_SIGN_IDENTITY = "Apple Development";
				CODE_SIGN_STYLE = Automatic;
				COMBINE_HIDPI_IMAGES = YES;
				DEVELOPMENT_TEAM = 8X9J3P3289;
				ENABLE_HARDENED_RUNTIME = YES;
				HEADER_SEARCH_PATHS = ../include;
				INFOPLIST_FILE = test/Info.plist;
				LD_RUNPATH_SEARCH_PATHS = (
					"$(inherited)",
					"@executable_path/../Frameworks",
				);
				LIBRARY_SEARCH_PATHS = (
					"$(inherited)",
					"$(PROJECT_DIR)",
					../bin,
				);
				PRODUCT_BUNDLE_IDENTIFIER = org.libcc.test;
				PRODUCT_NAME = "$(TARGET_NAME)";
			};
			name = Release;
		};
/* End XCBuildConfiguration section */

/* Begin XCConfigurationList section */
		418E9C1929A4A83E00D4D8B4 /* Build configuration list for PBXNativeTarget "console" */ = {
			isa = XCConfigurationList;
			buildConfigurations = (
				418E9C1629A4A83E00D4D8B4 /* Debug */,
				418E9C1729A4A83E00D4D8B4 /* Release */,
			);
			defaultConfigurationIsVisible = 0;
			defaultConfigurationName = Release;
		};
		41D4E21F29A77A9C00324E17 /* Build configuration list for PBXNativeTarget "hook" */ = {
			isa = XCConfigurationList;
			buildConfigurations = (
				41D4E21C29A77A9C00324E17 /* Debug */,
				41D4E21D29A77A9C00324E17 /* Release */,
			);
			defaultConfigurationIsVisible = 0;
			defaultConfigurationName = Release;
		};
		41F05EF329A3969400168B2F /* Build configuration list for PBXProject "test" */ = {
			isa = XCConfigurationList;
			buildConfigurations = (
				41F05F0A29A3969500168B2F /* Debug */,
				41F05F0B29A3969500168B2F /* Release */,
			);
			defaultConfigurationIsVisible = 0;
			defaultConfigurationName = Release;
		};
		41F05F0C29A3969500168B2F /* Build configuration list for PBXNativeTarget "test" */ = {
			isa = XCConfigurationList;
			buildConfigurations = (
				41F05F0D29A3969500168B2F /* Debug */,
				41F05F0E29A3969500168B2F /* Release */,
			);
			defaultConfigurationIsVisible = 0;
			defaultConfigurationName = Release;
		};
/* End XCConfigurationList section */
	};
	rootObject = 41F05EF029A3969400168B2F /* Project object */;
}
