<?xml version='1.0' encoding='utf-8'?>
<Project ToolsVersion="4.0" xmlns="http://schemas.microsoft.com/developer/msbuild/2003"><ItemGroup><Filter Include="assets"><UniqueIdentifier>7bebd501-cd59-43be-94ad-b4b6e0d72310</UniqueIdentifier><Extensions>rc;ico;cur;bmp;dlg;rc2;rct;bin;rgs;gif;jpg;jpeg;jpe;resx;tiff;tif;png;wav;mfcribbon-ms</Extensions></Filter><Filter Include="src"><UniqueIdentifier>b40ebaff-01b3-4d81-b47b-e836054adec1</UniqueIdentifier><Extensions>cpp;c;cc;cxx;def;odl;idl;hpj;bat;asm;asmx</Extensions></Filter><Filter Include="include"><UniqueIdentifier>d4a17883-4897-4fdf-bf95-93f97d1bc7a2</UniqueIdentifier><Extensions>h;hpp;hxx;hm;inl;inc;xsd</Extensions></Filter><Filter Include="include"><UniqueIdentifier>c8efd60a-b09b-4135-be23-8b3e3026d043</UniqueIdentifier></Filter><Filter Include="include\sqlite3"><UniqueIdentifier>bafc7b95-dd11-418a-b000-59bb108434a4</UniqueIdentifier></Filter></ItemGroup><ItemGroup><ClCompile Include="..\include\sqlite3\sqlite3.c"><Filter>include\sqlite3</Filter></ClCompile></ItemGroup><ItemGroup><ClInclude Include="..\include\sqlite3\sqlite3.h"><Filter>include\sqlite3</Filter></ClInclude></ItemGroup></Project>